PODS:
  - pyze-iOS-extensions (1.0.1)
  - pyze-sdk-iOS (4.0.0)

DEPENDENCIES:
  - pyze-iOS-extensions
  - pyze-sdk-iOS

SPEC CHECKSUMS:
  pyze-iOS-extensions: 65053348782da0f90b172ee7c2f32b1fdb47fa7f
  pyze-sdk-iOS: 3f9c4565fe53684646e9196ca3cdf8cc557dcd80

PODFILE CHECKSUM: c65f2e69ada199995d7d2e0ac9d54f6451c0e69b

COCOAPODS: 1.2.1
