// !$*UTF8*$!
{
	archiveVersion = 1;
	classes = {
	};
	objectVersion = 46;
	objects = {

/* Begin PBXBuildFile section */
		46A252571F1F1228001BE923 /* main.m in Sources */ = {isa = PBXBuildFile; fileRef = 46A252561F1F1228001BE923 /* main.m */; };
		46A2525A1F1F1228001BE923 /* AppDelegate.m in Sources */ = {isa = PBXBuildFile; fileRef = 46A252591F1F1228001BE923 /* AppDelegate.m */; };
		46A2525D1F1F1228001BE923 /* ViewController.m in Sources */ = {isa = PBXBuildFile; fileRef = 46A2525C1F1F1228001BE923 /* ViewController.m */; };
		46A252601F1F1228001BE923 /* Main.storyboard in Resources */ = {isa = PBXBuildFile; fileRef = 46A2525E1F1F1228001BE923 /* Main.storyboard */; };
		46A252621F1F1228001BE923 /* Assets.xcassets in Resources */ = {isa = PBXBuildFile; fileRef = 46A252611F1F1228001BE923 /* Assets.xcassets */; };
		46A252651F1F1228001BE923 /* LaunchScreen.storyboard in Resources */ = {isa = PBXBuildFile; fileRef = 46A252631F1F1228001BE923 /* LaunchScreen.storyboard */; };
		46A252741F1F125C001BE923 /* NotificationService.m in Sources */ = {isa = PBXBuildFile; fileRef = 46A252731F1F125C001BE923 /* NotificationService.m */; };
		46A252781F1F125C001BE923 /* NotificationServiceExtension.appex in Embed App Extensions */ = {isa = PBXBuildFile; fileRef = 46A252701F1F125C001BE923 /* NotificationServiceExtension.appex */; settings = {ATTRIBUTES = (RemoveHeadersOnCopy, ); }; };
		46DFFE421F5FC475005646B3 /* libpyze-iOS-extensions.a in Frameworks */ = {isa = PBXBuildFile; fileRef = 46DFFE411F5FC475005646B3 /* libpyze-iOS-extensions.a */; };
		A53F210ECEEEB9BD7BDB865D /* libPods-Pyze_Rich_Interactive_Push_SampleApp_ObjectiveC.a in Frameworks */ = {isa = PBXBuildFile; fileRef = 827B9ADD2FB0156A6E754B4B /* libPods-Pyze_Rich_Interactive_Push_SampleApp_ObjectiveC.a */; };
		ED3D8B51AD36AB8772A20E1E /* libPods-NotificationServiceExtension.a in Frameworks */ = {isa = PBXBuildFile; fileRef = 5373E7412CA0590D46D75A80 /* libPods-NotificationServiceExtension.a */; };
/* End PBXBuildFile section */

/* Begin PBXContainerItemProxy section */
		46A252761F1F125C001BE923 /* PBXContainerItemProxy */ = {
			isa = PBXContainerItemProxy;
			containerPortal = 46A2524A1F1F1228001BE923 /* Project object */;
			proxyType = 1;
			remoteGlobalIDString = 46A2526F1F1F125C001BE923;
			remoteInfo = NotificationServiceExtension;
		};
/* End PBXContainerItemProxy section */

/* Begin PBXCopyFilesBuildPhase section */
		46A2527C1F1F125C001BE923 /* Embed App Extensions */ = {
			isa = PBXCopyFilesBuildPhase;
			buildActionMask = 2147483647;
			dstPath = "";
			dstSubfolderSpec = 13;
			files = (
				46A252781F1F125C001BE923 /* NotificationServiceExtension.appex in Embed App Extensions */,
			);
			name = "Embed App Extensions";
			runOnlyForDeploymentPostprocessing = 0;
		};
		46A252831F1F12CA001BE923 /* Embed Frameworks */ = {
			isa = PBXCopyFilesBuildPhase;
			buildActionMask = 2147483647;
			dstPath = "";
			dstSubfolderSpec = 10;
			files = (
			);
			name = "Embed Frameworks";
			runOnlyForDeploymentPostprocessing = 0;
		};
/* End PBXCopyFilesBuildPhase section */

/* Begin PBXFileReference section */
		46A252521F1F1228001BE923 /* Pyze_Rich_Interactive_Push_SampleApp_ObjectiveC.app */ = {isa = PBXFileReference; explicitFileType = wrapper.application; includeInIndex = 0; path = Pyze_Rich_Interactive_Push_SampleApp_ObjectiveC.app; sourceTree = BUILT_PRODUCTS_DIR; };
		46A252561F1F1228001BE923 /* main.m */ = {isa = PBXFileReference; lastKnownFileType = sourcecode.c.objc; path = main.m; sourceTree = "<group>"; };
		46A252581F1F1228001BE923 /* AppDelegate.h */ = {isa = PBXFileReference; lastKnownFileType = sourcecode.c.h; path = AppDelegate.h; sourceTree = "<group>"; };
		46A252591F1F1228001BE923 /* AppDelegate.m */ = {isa = PBXFileReference; lastKnownFileType = sourcecode.c.objc; path = AppDelegate.m; sourceTree = "<group>"; };
		46A2525B1F1F1228001BE923 /* ViewController.h */ = {isa = PBXFileReference; lastKnownFileType = sourcecode.c.h; path = ViewController.h; sourceTree = "<group>"; };
		46A2525C1F1F1228001BE923 /* ViewController.m */ = {isa = PBXFileReference; lastKnownFileType = sourcecode.c.objc; path = ViewController.m; sourceTree = "<group>"; };
		46A2525F1F1F1228001BE923 /* Base */ = {isa = PBXFileReference; lastKnownFileType = file.storyboard; name = Base; path = Base.lproj/Main.storyboard; sourceTree = "<group>"; };
		46A252611F1F1228001BE923 /* Assets.xcassets */ = {isa = PBXFileReference; lastKnownFileType = folder.assetcatalog; path = Assets.xcassets; sourceTree = "<group>"; };
		46A252641F1F1228001BE923 /* Base */ = {isa = PBXFileReference; lastKnownFileType = file.storyboard; name = Base; path = Base.lproj/LaunchScreen.storyboard; sourceTree = "<group>"; };
		46A252661F1F1228001BE923 /* Info.plist */ = {isa = PBXFileReference; lastKnownFileType = text.plist.xml; path = Info.plist; sourceTree = "<group>"; };
		46A252701F1F125C001BE923 /* NotificationServiceExtension.appex */ = {isa = PBXFileReference; explicitFileType = "wrapper.app-extension"; includeInIndex = 0; path = NotificationServiceExtension.appex; sourceTree = BUILT_PRODUCTS_DIR; };
		46A252721F1F125C001BE923 /* NotificationService.h */ = {isa = PBXFileReference; lastKnownFileType = sourcecode.c.h; path = NotificationService.h; sourceTree = "<group>"; };
		46A252731F1F125C001BE923 /* NotificationService.m */ = {isa = PBXFileReference; lastKnownFileType = sourcecode.c.objc; path = NotificationService.m; sourceTree = "<group>"; };
		46A252751F1F125C001BE923 /* Info.plist */ = {isa = PBXFileReference; lastKnownFileType = text.plist.xml; path = Info.plist; sourceTree = "<group>"; };
		46A2527D1F1F1277001BE923 /* NotificationServiceExtension.entitlements */ = {isa = PBXFileReference; lastKnownFileType = text.plist.entitlements; path = NotificationServiceExtension.entitlements; sourceTree = "<group>"; };
		46A2527E1F1F127A001BE923 /* Pyze_Rich_Interactive_Push_SampleApp_ObjectiveC.entitlements */ = {isa = PBXFileReference; lastKnownFileType = text.plist.entitlements; path = Pyze_Rich_Interactive_Push_SampleApp_ObjectiveC.entitlements; sourceTree = "<group>"; };
		46DFFE411F5FC475005646B3 /* libpyze-iOS-extensions.a */ = {isa = PBXFileReference; lastKnownFileType = archive.ar; name = "libpyze-iOS-extensions.a"; path = "../../../Library/Developer/Xcode/DerivedData/Pyze_Rich_Interactive_Push_SampleApp_ObjectiveC-gaxxprmhdqwjgvbcjbkpxwktxjqw/Build/Products/Debug-iphoneos/pyze-iOS-extensions/libpyze-iOS-extensions.a"; sourceTree = "<group>"; };
		5373E7412CA0590D46D75A80 /* libPods-NotificationServiceExtension.a */ = {isa = PBXFileReference; explicitFileType = archive.ar; includeInIndex = 0; path = "libPods-NotificationServiceExtension.a"; sourceTree = BUILT_PRODUCTS_DIR; };
		79DE508577A5439369863316 /* Pods-Pyze_Rich_Interactive_Push_SampleApp_ObjectiveC.release.xcconfig */ = {isa = PBXFileReference; includeInIndex = 1; lastKnownFileType = text.xcconfig; name = "Pods-Pyze_Rich_Interactive_Push_SampleApp_ObjectiveC.release.xcconfig"; path = "Pods/Target Support Files/Pods-Pyze_Rich_Interactive_Push_SampleApp_ObjectiveC/Pods-Pyze_Rich_Interactive_Push_SampleApp_ObjectiveC.release.xcconfig"; sourceTree = "<group>"; };
		827B9ADD2FB0156A6E754B4B /* libPods-Pyze_Rich_Interactive_Push_SampleApp_ObjectiveC.a */ = {isa = PBXFileReference; explicitFileType = archive.ar; includeInIndex = 0; path = "libPods-Pyze_Rich_Interactive_Push_SampleApp_ObjectiveC.a"; sourceTree = BUILT_PRODUCTS_DIR; };
		D158F018FE42DE301DA3D118 /* Pods-NotificationServiceExtension.debug.xcconfig */ = {isa = PBXFileReference; includeInIndex = 1; lastKnownFileType = text.xcconfig; name = "Pods-NotificationServiceExtension.debug.xcconfig"; path = "Pods/Target Support Files/Pods-NotificationServiceExtension/Pods-NotificationServiceExtension.debug.xcconfig"; sourceTree = "<group>"; };
		E06DAAC7214756380705E6E3 /* Pods-Pyze_Rich_Interactive_Push_SampleApp_ObjectiveC.debug.xcconfig */ = {isa = PBXFileReference; includeInIndex = 1; lastKnownFileType = text.xcconfig; name = "Pods-Pyze_Rich_Interactive_Push_SampleApp_ObjectiveC.debug.xcconfig"; path = "Pods/Target Support Files/Pods-Pyze_Rich_Interactive_Push_SampleApp_ObjectiveC/Pods-Pyze_Rich_Interactive_Push_SampleApp_ObjectiveC.debug.xcconfig"; sourceTree = "<group>"; };
		F3420559AAE991B4F55FB66B /* Pods-NotificationServiceExtension.release.xcconfig */ = {isa = PBXFileReference; includeInIndex = 1; lastKnownFileType = text.xcconfig; name = "Pods-NotificationServiceExtension.release.xcconfig"; path = "Pods/Target Support Files/Pods-NotificationServiceExtension/Pods-NotificationServiceExtension.release.xcconfig"; sourceTree = "<group>"; };
/* End PBXFileReference section */

/* Begin PBXFrameworksBuildPhase section */
		46A2524F1F1F1228001BE923 /* Frameworks */ = {
			isa = PBXFrameworksBuildPhase;
			buildActionMask = 2147483647;
			files = (
				A53F210ECEEEB9BD7BDB865D /* libPods-Pyze_Rich_Interactive_Push_SampleApp_ObjectiveC.a in Frameworks */,
			);
			runOnlyForDeploymentPostprocessing = 0;
		};
		46A2526D1F1F125C001BE923 /* Frameworks */ = {
			isa = PBXFrameworksBuildPhase;
			buildActionMask = 2147483647;
			files = (
				46DFFE421F5FC475005646B3 /* libpyze-iOS-extensions.a in Frameworks */,
				ED3D8B51AD36AB8772A20E1E /* libPods-NotificationServiceExtension.a in Frameworks */,
			);
			runOnlyForDeploymentPostprocessing = 0;
		};
/* End PBXFrameworksBuildPhase section */

/* Begin PBXGroup section */
		3279DF0B3E6005EA6A9CCE3C /* Pods */ = {
			isa = PBXGroup;
			children = (
				D158F018FE42DE301DA3D118 /* Pods-NotificationServiceExtension.debug.xcconfig */,
				F3420559AAE991B4F55FB66B /* Pods-NotificationServiceExtension.release.xcconfig */,
				E06DAAC7214756380705E6E3 /* Pods-Pyze_Rich_Interactive_Push_SampleApp_ObjectiveC.debug.xcconfig */,
				79DE508577A5439369863316 /* Pods-Pyze_Rich_Interactive_Push_SampleApp_ObjectiveC.release.xcconfig */,
			);
			name = Pods;
			sourceTree = "<group>";
		};
		46A252491F1F1228001BE923 = {
			isa = PBXGroup;
			children = (
				46A252541F1F1228001BE923 /* Pyze_Rich_Interactive_Push_SampleApp_ObjectiveC */,
				46A252711F1F125C001BE923 /* NotificationServiceExtension */,
				46A252531F1F1228001BE923 /* Products */,
				3279DF0B3E6005EA6A9CCE3C /* Pods */,
				549B753759F828790DE20C18 /* Frameworks */,
			);
			sourceTree = "<group>";
		};
		46A252531F1F1228001BE923 /* Products */ = {
			isa = PBXGroup;
			children = (
				46A252521F1F1228001BE923 /* Pyze_Rich_Interactive_Push_SampleApp_ObjectiveC.app */,
				46A252701F1F125C001BE923 /* NotificationServiceExtension.appex */,
			);
			name = Products;
			sourceTree = "<group>";
		};
		46A252541F1F1228001BE923 /* Pyze_Rich_Interactive_Push_SampleApp_ObjectiveC */ = {
			isa = PBXGroup;
			children = (
				46A2527E1F1F127A001BE923 /* Pyze_Rich_Interactive_Push_SampleApp_ObjectiveC.entitlements */,
				46A252581F1F1228001BE923 /* AppDelegate.h */,
				46A252591F1F1228001BE923 /* AppDelegate.m */,
				46A2525B1F1F1228001BE923 /* ViewController.h */,
				46A2525C1F1F1228001BE923 /* ViewController.m */,
				46A2525E1F1F1228001BE923 /* Main.storyboard */,
				46A252611F1F1228001BE923 /* Assets.xcassets */,
				46A252631F1F1228001BE923 /* LaunchScreen.storyboard */,
				46A252661F1F1228001BE923 /* Info.plist */,
				46A252551F1F1228001BE923 /* Supporting Files */,
			);
			path = Pyze_Rich_Interactive_Push_SampleApp_ObjectiveC;
			sourceTree = "<group>";
		};
		46A252551F1F1228001BE923 /* Supporting Files */ = {
			isa = PBXGroup;
			children = (
				46A252561F1F1228001BE923 /* main.m */,
			);
			name = "Supporting Files";
			sourceTree = "<group>";
		};
		46A252711F1F125C001BE923 /* NotificationServiceExtension */ = {
			isa = PBXGroup;
			children = (
				46A2527D1F1F1277001BE923 /* NotificationServiceExtension.entitlements */,
				46A252721F1F125C001BE923 /* NotificationService.h */,
				46A252731F1F125C001BE923 /* NotificationService.m */,
				46A252751F1F125C001BE923 /* Info.plist */,
			);
			path = NotificationServiceExtension;
			sourceTree = "<group>";
		};
		549B753759F828790DE20C18 /* Frameworks */ = {
			isa = PBXGroup;
			children = (
				46DFFE411F5FC475005646B3 /* libpyze-iOS-extensions.a */,
				5373E7412CA0590D46D75A80 /* libPods-NotificationServiceExtension.a */,
				827B9ADD2FB0156A6E754B4B /* libPods-Pyze_Rich_Interactive_Push_SampleApp_ObjectiveC.a */,
			);
			name = Frameworks;
			sourceTree = "<group>";
		};
/* End PBXGroup section */

/* Begin PBXNativeTarget section */
		46A252511F1F1228001BE923 /* Pyze_Rich_Interactive_Push_SampleApp_ObjectiveC */ = {
			isa = PBXNativeTarget;
			buildConfigurationList = 46A252691F1F1228001BE923 /* Build configuration list for PBXNativeTarget "Pyze_Rich_Interactive_Push_SampleApp_ObjectiveC" */;
			buildPhases = (
				992EC7992E2628D1E1BDBA39 /* [CP] Check Pods Manifest.lock */,
				46A2524E1F1F1228001BE923 /* Sources */,
				46A2524F1F1F1228001BE923 /* Frameworks */,
				46A252501F1F1228001BE923 /* Resources */,
				46A2527C1F1F125C001BE923 /* Embed App Extensions */,
				46A252831F1F12CA001BE923 /* Embed Frameworks */,
				775B5E915555526BA28718EF /* [CP] Embed Pods Frameworks */,
				F34FD2CA9C0A64F6144A518C /* [CP] Copy Pods Resources */,
			);
			buildRules = (
			);
			dependencies = (
				46A252771F1F125C001BE923 /* PBXTargetDependency */,
			);
			name = Pyze_Rich_Interactive_Push_SampleApp_ObjectiveC;
			productName = Pyze_Rich_Interactive_Push_SampleApp_ObjectiveC;
			productReference = 46A252521F1F1228001BE923 /* Pyze_Rich_Interactive_Push_SampleApp_ObjectiveC.app */;
			productType = "com.apple.product-type.application";
		};
		46A2526F1F1F125C001BE923 /* NotificationServiceExtension */ = {
			isa = PBXNativeTarget;
			buildConfigurationList = 46A252791F1F125C001BE923 /* Build configuration list for PBXNativeTarget "NotificationServiceExtension" */;
			buildPhases = (
				502FAB84869213E3FFC292EB /* [CP] Check Pods Manifest.lock */,
				46A2526C1F1F125C001BE923 /* Sources */,
				46A2526D1F1F125C001BE923 /* Frameworks */,
				46A2526E1F1F125C001BE923 /* Resources */,
				BF15E6F6C8C22DB8149CE90F /* [CP] Copy Pods Resources */,
			);
			buildRules = (
			);
			dependencies = (
			);
			name = NotificationServiceExtension;
			productName = NotificationServiceExtension;
			productReference = 46A252701F1F125C001BE923 /* NotificationServiceExtension.appex */;
			productType = "com.apple.product-type.app-extension";
		};
/* End PBXNativeTarget section */

/* Begin PBXProject section */
		46A2524A1F1F1228001BE923 /* Project object */ = {
			isa = PBXProject;
			attributes = {
				LastUpgradeCheck = 0830;
				ORGANIZATIONNAME = "Ramachandra Naragund";
				TargetAttributes = {
					46A252511F1F1228001BE923 = {
						CreatedOnToolsVersion = 8.3.2;
						ProvisioningStyle = Manual;
						SystemCapabilities = {
							com.apple.BackgroundModes = {
								enabled = 1;
							};
							com.apple.Push = {
								enabled = 1;
							};
						};
					};
					46A2526F1F1F125C001BE923 = {
						CreatedOnToolsVersion = 8.3.2;
						ProvisioningStyle = Manual;
						SystemCapabilities = {
							com.apple.Push = {
								enabled = 1;
							};
						};
					};
				};
			};
			buildConfigurationList = 46A2524D1F1F1228001BE923 /* Build configuration list for PBXProject "Pyze_Rich_Interactive_Push_SampleApp_ObjectiveC" */;
			compatibilityVersion = "Xcode 3.2";
			developmentRegion = English;
			hasScannedForEncodings = 0;
			knownRegions = (
				en,
				Base,
			);
			mainGroup = 46A252491F1F1228001BE923;
			productRefGroup = 46A252531F1F1228001BE923 /* Products */;
			projectDirPath = "";
			projectRoot = "";
			targets = (
				46A252511F1F1228001BE923 /* Pyze_Rich_Interactive_Push_SampleApp_ObjectiveC */,
				46A2526F1F1F125C001BE923 /* NotificationServiceExtension */,
			);
		};
/* End PBXProject section */

/* Begin PBXResourcesBuildPhase section */
		46A252501F1F1228001BE923 /* Resources */ = {
			isa = PBXResourcesBuildPhase;
			buildActionMask = 2147483647;
			files = (
				46A252651F1F1228001BE923 /* LaunchScreen.storyboard in Resources */,
				46A252621F1F1228001BE923 /* Assets.xcassets in Resources */,
				46A252601F1F1228001BE923 /* Main.storyboard in Resources */,
			);
			runOnlyForDeploymentPostprocessing = 0;
		};
		46A2526E1F1F125C001BE923 /* Resources */ = {
			isa = PBXResourcesBuildPhase;
			buildActionMask = 2147483647;
			files = (
			);
			runOnlyForDeploymentPostprocessing = 0;
		};
/* End PBXResourcesBuildPhase section */

/* Begin PBXShellScriptBuildPhase section */
		502FAB84869213E3FFC292EB /* [CP] Check Pods Manifest.lock */ = {
			isa = PBXShellScriptBuildPhase;
			buildActionMask = 2147483647;
			files = (
			);
			inputPaths = (
			);
			name = "[CP] Check Pods Manifest.lock";
			outputPaths = (
			);
			runOnlyForDeploymentPostprocessing = 0;
			shellPath = /bin/sh;
			shellScript = "diff \"${PODS_PODFILE_DIR_PATH}/Podfile.lock\" \"${PODS_ROOT}/Manifest.lock\" > /dev/null\nif [ $? != 0 ] ; then\n    # print error to STDERR\n    echo \"error: The sandbox is not in sync with the Podfile.lock. Run 'pod install' or update your CocoaPods installation.\" >&2\n    exit 1\nfi\n";
			showEnvVarsInLog = 0;
		};
		775B5E915555526BA28718EF /* [CP] Embed Pods Frameworks */ = {
			isa = PBXShellScriptBuildPhase;
			buildActionMask = 2147483647;
			files = (
			);
			inputPaths = (
			);
			name = "[CP] Embed Pods Frameworks";
			outputPaths = (
			);
			runOnlyForDeploymentPostprocessing = 0;
			shellPath = /bin/sh;
			shellScript = "\"${SRCROOT}/Pods/Target Support Files/Pods-Pyze_Rich_Interactive_Push_SampleApp_ObjectiveC/Pods-Pyze_Rich_Interactive_Push_SampleApp_ObjectiveC-frameworks.sh\"\n";
			showEnvVarsInLog = 0;
		};
		992EC7992E2628D1E1BDBA39 /* [CP] Check Pods Manifest.lock */ = {
			isa = PBXShellScriptBuildPhase;
			buildActionMask = 2147483647;
			files = (
			);
			inputPaths = (
			);
			name = "[CP] Check Pods Manifest.lock";
			outputPaths = (
			);
			runOnlyForDeploymentPostprocessing = 0;
			shellPath = /bin/sh;
			shellScript = "diff \"${PODS_PODFILE_DIR_PATH}/Podfile.lock\" \"${PODS_ROOT}/Manifest.lock\" > /dev/null\nif [ $? != 0 ] ; then\n    # print error to STDERR\n    echo \"error: The sandbox is not in sync with the Podfile.lock. Run 'pod install' or update your CocoaPods installation.\" >&2\n    exit 1\nfi\n";
			showEnvVarsInLog = 0;
		};
		BF15E6F6C8C22DB8149CE90F /* [CP] Copy Pods Resources */ = {
			isa = PBXShellScriptBuildPhase;
			buildActionMask = 2147483647;
			files = (
			);
			inputPaths = (
			);
			name = "[CP] Copy Pods Resources";
			outputPaths = (
			);
			runOnlyForDeploymentPostprocessing = 0;
			shellPath = /bin/sh;
			shellScript = "\"${SRCROOT}/Pods/Target Support Files/Pods-NotificationServiceExtension/Pods-NotificationServiceExtension-resources.sh\"\n";
			showEnvVarsInLog = 0;
		};
		F34FD2CA9C0A64F6144A518C /* [CP] Copy Pods Resources */ = {
			isa = PBXShellScriptBuildPhase;
			buildActionMask = 2147483647;
			files = (
			);
			inputPaths = (
			);
			name = "[CP] Copy Pods Resources";
			outputPaths = (
			);
			runOnlyForDeploymentPostprocessing = 0;
			shellPath = /bin/sh;
			shellScript = "\"${SRCROOT}/Pods/Target Support Files/Pods-Pyze_Rich_Interactive_Push_SampleApp_ObjectiveC/Pods-Pyze_Rich_Interactive_Push_SampleApp_ObjectiveC-resources.sh\"\n";
			showEnvVarsInLog = 0;
		};
/* End PBXShellScriptBuildPhase section */

/* Begin PBXSourcesBuildPhase section */
		46A2524E1F1F1228001BE923 /* Sources */ = {
			isa = PBXSourcesBuildPhase;
			buildActionMask = 2147483647;
			files = (
				46A2525D1F1F1228001BE923 /* ViewController.m in Sources */,
				46A2525A1F1F1228001BE923 /* AppDelegate.m in Sources */,
				46A252571F1F1228001BE923 /* main.m in Sources */,
			);
			runOnlyForDeploymentPostprocessing = 0;
		};
		46A2526C1F1F125C001BE923 /* Sources */ = {
			isa = PBXSourcesBuildPhase;
			buildActionMask = 2147483647;
			files = (
				46A252741F1F125C001BE923 /* NotificationService.m in Sources */,
			);
			runOnlyForDeploymentPostprocessing = 0;
		};
/* End PBXSourcesBuildPhase section */

/* Begin PBXTargetDependency section */
		46A252771F1F125C001BE923 /* PBXTargetDependency */ = {
			isa = PBXTargetDependency;
			target = 46A2526F1F1F125C001BE923 /* NotificationServiceExtension */;
			targetProxy = 46A252761F1F125C001BE923 /* PBXContainerItemProxy */;
		};
/* End PBXTargetDependency section */

/* Begin PBXVariantGroup section */
		46A2525E1F1F1228001BE923 /* Main.storyboard */ = {
			isa = PBXVariantGroup;
			children = (
				46A2525F1F1F1228001BE923 /* Base */,
			);
			name = Main.storyboard;
			sourceTree = "<group>";
		};
		46A252631F1F1228001BE923 /* LaunchScreen.storyboard */ = {
			isa = PBXVariantGroup;
			children = (
				46A252641F1F1228001BE923 /* Base */,
			);
			name = LaunchScreen.storyboard;
			sourceTree = "<group>";
		};
/* End PBXVariantGroup section */

/* Begin XCBuildConfiguration section */
		46A252671F1F1228001BE923 /* Debug */ = {
			isa = XCBuildConfiguration;
			buildSettings = {
				ALWAYS_SEARCH_USER_PATHS = NO;
				CLANG_ANALYZER_NONNULL = YES;
				CLANG_ANALYZER_NUMBER_OBJECT_CONVERSION = YES_AGGRESSIVE;
				CLANG_CXX_LANGUAGE_STANDARD = "gnu++0x";
				CLANG_CXX_LIBRARY = "libc++";
				CLANG_ENABLE_MODULES = YES;
				CLANG_ENABLE_OBJC_ARC = YES;
				CLANG_WARN_BOOL_CONVERSION = YES;
				CLANG_WARN_CONSTANT_CONVERSION = YES;
				CLANG_WARN_DIRECT_OBJC_ISA_USAGE = YES_ERROR;
				CLANG_WARN_DOCUMENTATION_COMMENTS = YES;
				CLANG_WARN_EMPTY_BODY = YES;
				CLANG_WARN_ENUM_CONVERSION = YES;
				CLANG_WARN_INFINITE_RECURSION = YES;
				CLANG_WARN_INT_CONVERSION = YES;
				CLANG_WARN_OBJC_ROOT_CLASS = YES_ERROR;
				CLANG_WARN_SUSPICIOUS_MOVE = YES;
				CLANG_WARN_UNREACHABLE_CODE = YES;
				CLANG_WARN__DUPLICATE_METHOD_MATCH = YES;
				"CODE_SIGN_IDENTITY[sdk=iphoneos*]" = "iPhone Developer";
				COPY_PHASE_STRIP = NO;
				DEBUG_INFORMATION_FORMAT = dwarf;
				ENABLE_STRICT_OBJC_MSGSEND = YES;
				ENABLE_TESTABILITY = YES;
				GCC_C_LANGUAGE_STANDARD = gnu99;
				GCC_DYNAMIC_NO_PIC = NO;
				GCC_NO_COMMON_BLOCKS = YES;
				GCC_OPTIMIZATION_LEVEL = 0;
				GCC_PREPROCESSOR_DEFINITIONS = (
					"DEBUG=1",
					"$(inherited)",
				);
				GCC_WARN_64_TO_32_BIT_CONVERSION = YES;
				GCC_WARN_ABOUT_RETURN_TYPE = YES_ERROR;
				GCC_WARN_UNDECLARED_SELECTOR = YES;
				GCC_WARN_UNINITIALIZED_AUTOS = YES_AGGRESSIVE;
				GCC_WARN_UNUSED_FUNCTION = YES;
				GCC_WARN_UNUSED_VARIABLE = YES;
				IPHONEOS_DEPLOYMENT_TARGET = 10.3;
				MTL_ENABLE_DEBUG_INFO = YES;
				ONLY_ACTIVE_ARCH = YES;
				SDKROOT = iphoneos;
				TARGETED_DEVICE_FAMILY = "1,2";
			};
			name = Debug;
		};
		46A252681F1F1228001BE923 /* Release */ = {
			isa = XCBuildConfiguration;
			buildSettings = {
				ALWAYS_SEARCH_USER_PATHS = NO;
				CLANG_ANALYZER_NONNULL = YES;
				CLANG_ANALYZER_NUMBER_OBJECT_CONVERSION = YES_AGGRESSIVE;
				CLANG_CXX_LANGUAGE_STANDARD = "gnu++0x";
				CLANG_CXX_LIBRARY = "libc++";
				CLANG_ENABLE_MODULES = YES;
				CLANG_ENABLE_OBJC_ARC = YES;
				CLANG_WARN_BOOL_CONVERSION = YES;
				CLANG_WARN_CONSTANT_CONVERSION = YES;
				CLANG_WARN_DIRECT_OBJC_ISA_USAGE = YES_ERROR;
				CLANG_WARN_DOCUMENTATION_COMMENTS = YES;
				CLANG_WARN_EMPTY_BODY = YES;
				CLANG_WARN_ENUM_CONVERSION = YES;
				CLANG_WARN_INFINITE_RECURSION = YES;
				CLANG_WARN_INT_CONVERSION = YES;
				CLANG_WARN_OBJC_ROOT_CLASS = YES_ERROR;
				CLANG_WARN_SUSPICIOUS_MOVE = YES;
				CLANG_WARN_UNREACHABLE_CODE = YES;
				CLANG_WARN__DUPLICATE_METHOD_MATCH = YES;
				"CODE_SIGN_IDENTITY[sdk=iphoneos*]" = "iPhone Developer";
				COPY_PHASE_STRIP = NO;
				DEBUG_INFORMATION_FORMAT = "dwarf-with-dsym";
				ENABLE_NS_ASSERTIONS = NO;
				ENABLE_STRICT_OBJC_MSGSEND = YES;
				GCC_C_LANGUAGE_STANDARD = gnu99;
				GCC_NO_COMMON_BLOCKS = YES;
				GCC_WARN_64_TO_32_BIT_CONVERSION = YES;
				GCC_WARN_ABOUT_RETURN_TYPE = YES_ERROR;
				GCC_WARN_UNDECLARED_SELECTOR = YES;
				GCC_WARN_UNINITIALIZED_AUTOS = YES_AGGRESSIVE;
				GCC_WARN_UNUSED_FUNCTION = YES;
				GCC_WARN_UNUSED_VARIABLE = YES;
				IPHONEOS_DEPLOYMENT_TARGET = 10.3;
				MTL_ENABLE_DEBUG_INFO = NO;
				SDKROOT = iphoneos;
				TARGETED_DEVICE_FAMILY = "1,2";
				VALIDATE_PRODUCT = YES;
			};
			name = Release;
		};
		46A2526A1F1F1228001BE923 /* Debug */ = {
			isa = XCBuildConfiguration;
			baseConfigurationReference = E06DAAC7214756380705E6E3 /* Pods-Pyze_Rich_Interactive_Push_SampleApp_ObjectiveC.debug.xcconfig */;
			buildSettings = {
				ASSETCATALOG_COMPILER_APPICON_NAME = AppIcon;
				CODE_SIGN_ENTITLEMENTS = Pyze_Rich_Interactive_Push_SampleApp_ObjectiveC/Pyze_Rich_Interactive_Push_SampleApp_ObjectiveC.entitlements;
				CODE_SIGN_IDENTITY = "iPhone Developer: Robosoft IT (F8LAWA2A2K)";
				"CODE_SIGN_IDENTITY[sdk=iphoneos*]" = "iPhone Developer: Robosoft IT (F8LAWA2A2K)";
				DEVELOPMENT_TEAM = "";
				FRAMEWORK_SEARCH_PATHS = (
					"$(inherited)",
					"$(PROJECT_DIR)/Pyze_Rich_Interactive_Push_SampleApp_ObjectiveC",
				);
				INFOPLIST_FILE = Pyze_Rich_Interactive_Push_SampleApp_ObjectiveC/Info.plist;
				IPHONEOS_DEPLOYMENT_TARGET = 8.0;
				LD_RUNPATH_SEARCH_PATHS = "$(inherited) @executable_path/Frameworks";
				PRODUCT_BUNDLE_IDENTIFIER = com.robosoft.in;
				PRODUCT_NAME = "$(TARGET_NAME)";
				PROVISIONING_PROFILE = "c1b0ad65-e1a7-46d5-b815-8d527b606b7c";
				PROVISIONING_PROFILE_SPECIFIER = "Robosoft Internal Provisioning Profile";
			};
			name = Debug;
		};
		46A2526B1F1F1228001BE923 /* Release */ = {
			isa = XCBuildConfiguration;
			baseConfigurationReference = 79DE508577A5439369863316 /* Pods-Pyze_Rich_Interactive_Push_SampleApp_ObjectiveC.release.xcconfig */;
			buildSettings = {
				ASSETCATALOG_COMPILER_APPICON_NAME = AppIcon;
				CODE_SIGN_ENTITLEMENTS = Pyze_Rich_Interactive_Push_SampleApp_ObjectiveC/Pyze_Rich_Interactive_Push_SampleApp_ObjectiveC.entitlements;
				CODE_SIGN_IDENTITY = "iPhone Developer: Robosoft IT (F8LAWA2A2K)";
				"CODE_SIGN_IDENTITY[sdk=iphoneos*]" = "iPhone Developer: Robosoft IT (F8LAWA2A2K)";
				DEVELOPMENT_TEAM = "";
				FRAMEWORK_SEARCH_PATHS = (
					"$(inherited)",
					"$(PROJECT_DIR)/Pyze_Rich_Interactive_Push_SampleApp_ObjectiveC",
				);
				INFOPLIST_FILE = Pyze_Rich_Interactive_Push_SampleApp_ObjectiveC/Info.plist;
				IPHONEOS_DEPLOYMENT_TARGET = 8.0;
				LD_RUNPATH_SEARCH_PATHS = "$(inherited) @executable_path/Frameworks";
				PRODUCT_BUNDLE_IDENTIFIER = com.robosoft.in;
				PRODUCT_NAME = "$(TARGET_NAME)";
				PROVISIONING_PROFILE = "c1b0ad65-e1a7-46d5-b815-8d527b606b7c";
				PROVISIONING_PROFILE_SPECIFIER = "Robosoft Internal Provisioning Profile";
			};
			name = Release;
		};
		46A2527A1F1F125C001BE923 /* Debug */ = {
			isa = XCBuildConfiguration;
			baseConfigurationReference = D158F018FE42DE301DA3D118 /* Pods-NotificationServiceExtension.debug.xcconfig */;
			buildSettings = {
				APPLICATION_EXTENSION_API_ONLY = NO;
				CODE_SIGN_ENTITLEMENTS = NotificationServiceExtension/NotificationServiceExtension.entitlements;
				CODE_SIGN_IDENTITY = "iPhone Developer: Robosoft IT (F8LAWA2A2K)";
				"CODE_SIGN_IDENTITY[sdk=iphoneos*]" = "iPhone Developer: Robosoft IT (F8LAWA2A2K)";
				DEVELOPMENT_TEAM = "";
				INFOPLIST_FILE = NotificationServiceExtension/Info.plist;
				IPHONEOS_DEPLOYMENT_TARGET = 10.0;
				LD_RUNPATH_SEARCH_PATHS = "$(inherited) @executable_path/Frameworks @executable_path/../../Frameworks";
				PRODUCT_BUNDLE_IDENTIFIER = com.robosoft.in.richpush;
				PRODUCT_NAME = "$(TARGET_NAME)";
				PROVISIONING_PROFILE = "ff47bb10-1b6e-4d63-bc5a-d479765b2fbb";
				PROVISIONING_PROFILE_SPECIFIER = Richpush;
				SKIP_INSTALL = YES;
			};
			name = Debug;
		};
		46A2527B1F1F125C001BE923 /* Release */ = {
			isa = XCBuildConfiguration;
			baseConfigurationReference = F3420559AAE991B4F55FB66B /* Pods-NotificationServiceExtension.release.xcconfig */;
			buildSettings = {
				APPLICATION_EXTENSION_API_ONLY = NO;
				CODE_SIGN_ENTITLEMENTS = NotificationServiceExtension/NotificationServiceExtension.entitlements;
				CODE_SIGN_IDENTITY = "iPhone Developer: Robosoft IT (F8LAWA2A2K)";
				"CODE_SIGN_IDENTITY[sdk=iphoneos*]" = "iPhone Developer: Robosoft IT (F8LAWA2A2K)";
				DEVELOPMENT_TEAM = "";
				INFOPLIST_FILE = NotificationServiceExtension/Info.plist;
				IPHONEOS_DEPLOYMENT_TARGET = 10.0;
				LD_RUNPATH_SEARCH_PATHS = "$(inherited) @executable_path/Frameworks @executable_path/../../Frameworks";
				PRODUCT_BUNDLE_IDENTIFIER = com.robosoft.in.richpush;
				PRODUCT_NAME = "$(TARGET_NAME)";
				PROVISIONING_PROFILE = "ff47bb10-1b6e-4d63-bc5a-d479765b2fbb";
				PROVISIONING_PROFILE_SPECIFIER = Richpush;
				SKIP_INSTALL = YES;
			};
			name = Release;
		};
/* End XCBuildConfiguration section */

/* Begin XCConfigurationList section */
		46A2524D1F1F1228001BE923 /* Build configuration list for PBXProject "Pyze_Rich_Interactive_Push_SampleApp_ObjectiveC" */ = {
			isa = XCConfigurationList;
			buildConfigurations = (
				46A252671F1F1228001BE923 /* Debug */,
				46A252681F1F1228001BE923 /* Release */,
			);
			defaultConfigurationIsVisible = 0;
			defaultConfigurationName = Release;
		};
		46A252691F1F1228001BE923 /* Build configuration list for PBXNativeTarget "Pyze_Rich_Interactive_Push_SampleApp_ObjectiveC" */ = {
			isa = XCConfigurationList;
			buildConfigurations = (
				46A2526A1F1F1228001BE923 /* Debug */,
				46A2526B1F1F1228001BE923 /* Release */,
			);
			defaultConfigurationIsVisible = 0;
			defaultConfigurationName = Release;
		};
		46A252791F1F125C001BE923 /* Build configuration list for PBXNativeTarget "NotificationServiceExtension" */ = {
			isa = XCConfigurationList;
			buildConfigurations = (
				46A2527A1F1F125C001BE923 /* Debug */,
				46A2527B1F1F125C001BE923 /* Release */,
			);
			defaultConfigurationIsVisible = 0;
			defaultConfigurationName = Release;
		};
/* End XCConfigurationList section */
	};
	rootObject = 46A2524A1F1F1228001BE923 /* Project object */;
}
