// !$*UTF8*$!
{
	archiveVersion = 1;
	classes = {
	};
	objectVersion = 46;
	objects = {

/* Begin PBXBuildFile section */
		4616EFBF1BF230EE00D06C73 /* AppDelegate.swift in Sources */ = {isa = PBXBuildFile; fileRef = 4616EFBE1BF230EE00D06C73 /* AppDelegate.swift */; };
		4616EFC11BF230EE00D06C73 /* ViewController.swift in Sources */ = {isa = PBXBuildFile; fileRef = 4616EFC01BF230EE00D06C73 /* ViewController.swift */; };
		4616EFC41BF230EE00D06C73 /* Main.storyboard in Resources */ = {isa = PBXBuildFile; fileRef = 4616EFC21BF230EE00D06C73 /* Main.storyboard */; };
		4616EFC61BF230EE00D06C73 /* Assets.xcassets in Resources */ = {isa = PBXBuildFile; fileRef = 4616EFC51BF230EE00D06C73 /* Assets.xcassets */; };
		4616EFC91BF230EE00D06C73 /* LaunchScreen.storyboard in Resources */ = {isa = PBXBuildFile; fileRef = 4616EFC71BF230EE00D06C73 /* LaunchScreen.storyboard */; };
		F21DA1157EB93FC226A77100 /* Pods_SwiftExampleWithCocoapods.framework in Frameworks */ = {isa = PBXBuildFile; fileRef = D3B81F573CC6F4502524FB89 /* Pods_SwiftExampleWithCocoapods.framework */; };
/* End PBXBuildFile section */

/* Begin PBXFileReference section */
		4616EFBB1BF230EE00D06C73 /* SwiftExampleWithCocoapods.app */ = {isa = PBXFileReference; explicitFileType = wrapper.application; includeInIndex = 0; path = SwiftExampleWithCocoapods.app; sourceTree = BUILT_PRODUCTS_DIR; };
		4616EFBE1BF230EE00D06C73 /* AppDelegate.swift */ = {isa = PBXFileReference; lastKnownFileType = sourcecode.swift; path = AppDelegate.swift; sourceTree = "<group>"; };
		4616EFC01BF230EE00D06C73 /* ViewController.swift */ = {isa = PBXFileReference; lastKnownFileType = sourcecode.swift; path = ViewController.swift; sourceTree = "<group>"; };
		4616EFC31BF230EE00D06C73 /* Base */ = {isa = PBXFileReference; lastKnownFileType = file.storyboard; name = Base; path = Base.lproj/Main.storyboard; sourceTree = "<group>"; };
		4616EFC51BF230EE00D06C73 /* Assets.xcassets */ = {isa = PBXFileReference; lastKnownFileType = folder.assetcatalog; path = Assets.xcassets; sourceTree = "<group>"; };
		4616EFC81BF230EE00D06C73 /* Base */ = {isa = PBXFileReference; lastKnownFileType = file.storyboard; name = Base; path = Base.lproj/LaunchScreen.storyboard; sourceTree = "<group>"; };
		4616EFCA1BF230EE00D06C73 /* Info.plist */ = {isa = PBXFileReference; lastKnownFileType = text.plist.xml; path = Info.plist; sourceTree = "<group>"; };
		4616EFD01BF2327C00D06C73 /* SwiftExampleWithCocoapods-Bridging-Header.h */ = {isa = PBXFileReference; lastKnownFileType = sourcecode.c.h; path = "SwiftExampleWithCocoapods-Bridging-Header.h"; sourceTree = "<group>"; };
		4F410C2352418F111F168E9F /* Pods-SwiftExampleWithCocoapods.debug.xcconfig */ = {isa = PBXFileReference; includeInIndex = 1; lastKnownFileType = text.xcconfig; name = "Pods-SwiftExampleWithCocoapods.debug.xcconfig"; path = "Pods/Target Support Files/Pods-SwiftExampleWithCocoapods/Pods-SwiftExampleWithCocoapods.debug.xcconfig"; sourceTree = "<group>"; };
		B8160FCFEE095EB0724327D8 /* Pods-SwiftExampleWithCocoapods.release.xcconfig */ = {isa = PBXFileReference; includeInIndex = 1; lastKnownFileType = text.xcconfig; name = "Pods-SwiftExampleWithCocoapods.release.xcconfig"; path = "Pods/Target Support Files/Pods-SwiftExampleWithCocoapods/Pods-SwiftExampleWithCocoapods.release.xcconfig"; sourceTree = "<group>"; };
		D3B81F573CC6F4502524FB89 /* Pods_SwiftExampleWithCocoapods.framework */ = {isa = PBXFileReference; explicitFileType = wrapper.framework; includeInIndex = 0; path = Pods_SwiftExampleWithCocoapods.framework; sourceTree = BUILT_PRODUCTS_DIR; };
/* End PBXFileReference section */

/* Begin PBXFrameworksBuildPhase section */
		4616EFB81BF230EE00D06C73 /* Frameworks */ = {
			isa = PBXFrameworksBuildPhase;
			buildActionMask = 2147483647;
			files = (
				F21DA1157EB93FC226A77100 /* Pods_SwiftExampleWithCocoapods.framework in Frameworks */,
			);
			runOnlyForDeploymentPostprocessing = 0;
		};
/* End PBXFrameworksBuildPhase section */

/* Begin PBXGroup section */
		274218D83DEF7177C435386C /* Frameworks */ = {
			isa = PBXGroup;
			children = (
				D3B81F573CC6F4502524FB89 /* Pods_SwiftExampleWithCocoapods.framework */,
			);
			name = Frameworks;
			sourceTree = "<group>";
		};
		4616EFB21BF230EE00D06C73 = {
			isa = PBXGroup;
			children = (
				4616EFBD1BF230EE00D06C73 /* SwiftExampleWithCocoapods */,
				4616EFBC1BF230EE00D06C73 /* Products */,
				9A03B4BBEBC3B0F53374520D /* Pods */,
				274218D83DEF7177C435386C /* Frameworks */,
			);
			sourceTree = "<group>";
		};
		4616EFBC1BF230EE00D06C73 /* Products */ = {
			isa = PBXGroup;
			children = (
				4616EFBB1BF230EE00D06C73 /* SwiftExampleWithCocoapods.app */,
			);
			name = Products;
			sourceTree = "<group>";
		};
		4616EFBD1BF230EE00D06C73 /* SwiftExampleWithCocoapods */ = {
			isa = PBXGroup;
			children = (
				4616EFBE1BF230EE00D06C73 /* AppDelegate.swift */,
				4616EFC01BF230EE00D06C73 /* ViewController.swift */,
				4616EFC21BF230EE00D06C73 /* Main.storyboard */,
				4616EFC51BF230EE00D06C73 /* Assets.xcassets */,
				4616EFC71BF230EE00D06C73 /* LaunchScreen.storyboard */,
				4616EFCA1BF230EE00D06C73 /* Info.plist */,
				4616EFD01BF2327C00D06C73 /* SwiftExampleWithCocoapods-Bridging-Header.h */,
			);
			path = SwiftExampleWithCocoapods;
			sourceTree = "<group>";
		};
		9A03B4BBEBC3B0F53374520D /* Pods */ = {
			isa = PBXGroup;
			children = (
				4F410C2352418F111F168E9F /* Pods-SwiftExampleWithCocoapods.debug.xcconfig */,
				B8160FCFEE095EB0724327D8 /* Pods-SwiftExampleWithCocoapods.release.xcconfig */,
			);
			name = Pods;
			sourceTree = "<group>";
		};
/* End PBXGroup section */

/* Begin PBXNativeTarget section */
		4616EFBA1BF230EE00D06C73 /* SwiftExampleWithCocoapods */ = {
			isa = PBXNativeTarget;
			buildConfigurationList = 4616EFCD1BF230EE00D06C73 /* Build configuration list for PBXNativeTarget "SwiftExampleWithCocoapods" */;
			buildPhases = (
				826CCD97E209AB15455A0B38 /* Check Pods Manifest.lock */,
				4616EFB71BF230EE00D06C73 /* Sources */,
				4616EFB81BF230EE00D06C73 /* Frameworks */,
				4616EFB91BF230EE00D06C73 /* Resources */,
				47FFB7E69030040D40142D3E /* Embed Pods Frameworks */,
				6C3FA64ADFB63A3433C46130 /* Copy Pods Resources */,
			);
			buildRules = (
			);
			dependencies = (
			);
			name = SwiftExampleWithCocoapods;
			productName = SwiftExampleWithCocoapods;
			productReference = 4616EFBB1BF230EE00D06C73 /* SwiftExampleWithCocoapods.app */;
			productType = "com.apple.product-type.application";
		};
/* End PBXNativeTarget section */

/* Begin PBXProject section */
		4616EFB31BF230EE00D06C73 /* Project object */ = {
			isa = PBXProject;
			attributes = {
				LastUpgradeCheck = 0700;
				ORGANIZATIONNAME = "Pyze Technologies Pvt Ltd";
				TargetAttributes = {
					4616EFBA1BF230EE00D06C73 = {
						CreatedOnToolsVersion = 7.0;
					};
				};
			};
			buildConfigurationList = 4616EFB61BF230EE00D06C73 /* Build configuration list for PBXProject "SwiftExampleWithCocoapods" */;
			compatibilityVersion = "Xcode 3.2";
			developmentRegion = English;
			hasScannedForEncodings = 0;
			knownRegions = (
				en,
				Base,
			);
			mainGroup = 4616EFB21BF230EE00D06C73;
			productRefGroup = 4616EFBC1BF230EE00D06C73 /* Products */;
			projectDirPath = "";
			projectRoot = "";
			targets = (
				4616EFBA1BF230EE00D06C73 /* SwiftExampleWithCocoapods */,
			);
		};
/* End PBXProject section */

/* Begin PBXResourcesBuildPhase section */
		4616EFB91BF230EE00D06C73 /* Resources */ = {
			isa = PBXResourcesBuildPhase;
			buildActionMask = 2147483647;
			files = (
				4616EFC91BF230EE00D06C73 /* LaunchScreen.storyboard in Resources */,
				4616EFC61BF230EE00D06C73 /* Assets.xcassets in Resources */,
				4616EFC41BF230EE00D06C73 /* Main.storyboard in Resources */,
			);
			runOnlyForDeploymentPostprocessing = 0;
		};
/* End PBXResourcesBuildPhase section */

/* Begin PBXShellScriptBuildPhase section */
		47FFB7E69030040D40142D3E /* Embed Pods Frameworks */ = {
			isa = PBXShellScriptBuildPhase;
			buildActionMask = 2147483647;
			files = (
			);
			inputPaths = (
			);
			name = "Embed Pods Frameworks";
			outputPaths = (
			);
			runOnlyForDeploymentPostprocessing = 0;
			shellPath = /bin/sh;
			shellScript = "\"${SRCROOT}/Pods/Target Support Files/Pods-SwiftExampleWithCocoapods/Pods-SwiftExampleWithCocoapods-frameworks.sh\"\n";
			showEnvVarsInLog = 0;
		};
		6C3FA64ADFB63A3433C46130 /* Copy Pods Resources */ = {
			isa = PBXShellScriptBuildPhase;
			buildActionMask = 2147483647;
			files = (
			);
			inputPaths = (
			);
			name = "Copy Pods Resources";
			outputPaths = (
			);
			runOnlyForDeploymentPostprocessing = 0;
			shellPath = /bin/sh;
			shellScript = "\"${SRCROOT}/Pods/Target Support Files/Pods-SwiftExampleWithCocoapods/Pods-SwiftExampleWithCocoapods-resources.sh\"\n";
			showEnvVarsInLog = 0;
		};
		826CCD97E209AB15455A0B38 /* Check Pods Manifest.lock */ = {
			isa = PBXShellScriptBuildPhase;
			buildActionMask = 2147483647;
			files = (
			);
			inputPaths = (
			);
			name = "Check Pods Manifest.lock";
			outputPaths = (
			);
			runOnlyForDeploymentPostprocessing = 0;
			shellPath = /bin/sh;
			shellScript = "diff \"${PODS_ROOT}/../Podfile.lock\" \"${PODS_ROOT}/Manifest.lock\" > /dev/null\nif [[ $? != 0 ]] ; then\n    cat << EOM\nerror: The sandbox is not in sync with the Podfile.lock. Run 'pod install' or update your CocoaPods installation.\nEOM\n    exit 1\nfi\n";
			showEnvVarsInLog = 0;
		};
/* End PBXShellScriptBuildPhase section */

/* Begin PBXSourcesBuildPhase section */
		4616EFB71BF230EE00D06C73 /* Sources */ = {
			isa = PBXSourcesBuildPhase;
			buildActionMask = 2147483647;
			files = (
				4616EFC11BF230EE00D06C73 /* ViewController.swift in Sources */,
				4616EFBF1BF230EE00D06C73 /* AppDelegate.swift in Sources */,
			);
			runOnlyForDeploymentPostprocessing = 0;
		};
/* End PBXSourcesBuildPhase section */

/* Begin PBXVariantGroup section */
		4616EFC21BF230EE00D06C73 /* Main.storyboard */ = {
			isa = PBXVariantGroup;
			children = (
				4616EFC31BF230EE00D06C73 /* Base */,
			);
			name = Main.storyboard;
			sourceTree = "<group>";
		};
		4616EFC71BF230EE00D06C73 /* LaunchScreen.storyboard */ = {
			isa = PBXVariantGroup;
			children = (
				4616EFC81BF230EE00D06C73 /* Base */,
			);
			name = LaunchScreen.storyboard;
			sourceTree = "<group>";
		};
/* End PBXVariantGroup section */

/* Begin XCBuildConfiguration section */
		4616EFCB1BF230EE00D06C73 /* Debug */ = {
			isa = XCBuildConfiguration;
			buildSettings = {
				ALWAYS_SEARCH_USER_PATHS = NO;
				CLANG_CXX_LANGUAGE_STANDARD = "gnu++0x";
				CLANG_CXX_LIBRARY = "libc++";
				CLANG_ENABLE_MODULES = YES;
				CLANG_ENABLE_OBJC_ARC = YES;
				CLANG_WARN_BOOL_CONVERSION = YES;
				CLANG_WARN_CONSTANT_CONVERSION = YES;
				CLANG_WARN_DIRECT_OBJC_ISA_USAGE = YES_ERROR;
				CLANG_WARN_EMPTY_BODY = YES;
				CLANG_WARN_ENUM_CONVERSION = YES;
				CLANG_WARN_INT_CONVERSION = YES;
				CLANG_WARN_OBJC_ROOT_CLASS = YES_ERROR;
				CLANG_WARN_UNREACHABLE_CODE = YES;
				CLANG_WARN__DUPLICATE_METHOD_MATCH = YES;
				"CODE_SIGN_IDENTITY[sdk=iphoneos*]" = "iPhone Developer";
				COPY_PHASE_STRIP = NO;
				DEBUG_INFORMATION_FORMAT = dwarf;
				ENABLE_STRICT_OBJC_MSGSEND = YES;
				ENABLE_TESTABILITY = YES;
				GCC_C_LANGUAGE_STANDARD = gnu99;
				GCC_DYNAMIC_NO_PIC = NO;
				GCC_NO_COMMON_BLOCKS = YES;
				GCC_OPTIMIZATION_LEVEL = 0;
				GCC_PREPROCESSOR_DEFINITIONS = (
					"DEBUG=1",
					"$(inherited)",
				);
				GCC_WARN_64_TO_32_BIT_CONVERSION = YES;
				GCC_WARN_ABOUT_RETURN_TYPE = YES_ERROR;
				GCC_WARN_UNDECLARED_SELECTOR = YES;
				GCC_WARN_UNINITIALIZED_AUTOS = YES_AGGRESSIVE;
				GCC_WARN_UNUSED_FUNCTION = YES;
				GCC_WARN_UNUSED_VARIABLE = YES;
				IPHONEOS_DEPLOYMENT_TARGET = 9.0;
				MTL_ENABLE_DEBUG_INFO = YES;
				ONLY_ACTIVE_ARCH = YES;
				SDKROOT = iphoneos;
				SWIFT_OPTIMIZATION_LEVEL = "-Onone";
			};
			name = Debug;
		};
		4616EFCC1BF230EE00D06C73 /* Release */ = {
			isa = XCBuildConfiguration;
			buildSettings = {
				ALWAYS_SEARCH_USER_PATHS = NO;
				CLANG_CXX_LANGUAGE_STANDARD = "gnu++0x";
				CLANG_CXX_LIBRARY = "libc++";
				CLANG_ENABLE_MODULES = YES;
				CLANG_ENABLE_OBJC_ARC = YES;
				CLANG_WARN_BOOL_CONVERSION = YES;
				CLANG_WARN_CONSTANT_CONVERSION = YES;
				CLANG_WARN_DIRECT_OBJC_ISA_USAGE = YES_ERROR;
				CLANG_WARN_EMPTY_BODY = YES;
				CLANG_WARN_ENUM_CONVERSION = YES;
				CLANG_WARN_INT_CONVERSION = YES;
				CLANG_WARN_OBJC_ROOT_CLASS = YES_ERROR;
				CLANG_WARN_UNREACHABLE_CODE = YES;
				CLANG_WARN__DUPLICATE_METHOD_MATCH = YES;
				"CODE_SIGN_IDENTITY[sdk=iphoneos*]" = "iPhone Developer";
				COPY_PHASE_STRIP = NO;
				DEBUG_INFORMATION_FORMAT = "dwarf-with-dsym";
				ENABLE_NS_ASSERTIONS = NO;
				ENABLE_STRICT_OBJC_MSGSEND = YES;
				GCC_C_LANGUAGE_STANDARD = gnu99;
				GCC_NO_COMMON_BLOCKS = YES;
				GCC_WARN_64_TO_32_BIT_CONVERSION = YES;
				GCC_WARN_ABOUT_RETURN_TYPE = YES_ERROR;
				GCC_WARN_UNDECLARED_SELECTOR = YES;
				GCC_WARN_UNINITIALIZED_AUTOS = YES_AGGRESSIVE;
				GCC_WARN_UNUSED_FUNCTION = YES;
				GCC_WARN_UNUSED_VARIABLE = YES;
				IPHONEOS_DEPLOYMENT_TARGET = 9.0;
				MTL_ENABLE_DEBUG_INFO = NO;
				SDKROOT = iphoneos;
				VALIDATE_PRODUCT = YES;
			};
			name = Release;
		};
		4616EFCE1BF230EE00D06C73 /* Debug */ = {
			isa = XCBuildConfiguration;
			baseConfigurationReference = 4F410C2352418F111F168E9F /* Pods-SwiftExampleWithCocoapods.debug.xcconfig */;
			buildSettings = {
				ASSETCATALOG_COMPILER_APPICON_NAME = AppIcon;
				CODE_SIGN_IDENTITY = "iPhone Developer: Vinodh Kumar (RHXCHS39A7)";
				"CODE_SIGN_IDENTITY[sdk=iphoneos*]" = "iPhone Developer: Vinodh Kumar (RHXCHS39A7)";
				DEFINES_MODULE = YES;
				INFOPLIST_FILE = SwiftExampleWithCocoapods/Info.plist;
				LD_RUNPATH_SEARCH_PATHS = "$(inherited) @executable_path/Frameworks";
				PRODUCT_BUNDLE_IDENTIFIER = com.pyze.SwiftExampleWithCocoapods;
				PRODUCT_NAME = "$(TARGET_NAME)";
				PROVISIONING_PROFILE = "34ab189c-6759-40cb-84f9-f3376900f19b";
				SWIFT_OBJC_BRIDGING_HEADER = "SwiftExampleWithCocoapods/SwiftExampleWithCocoapods-Bridging-Header.h";
			};
			name = Debug;
		};
		4616EFCF1BF230EE00D06C73 /* Release */ = {
			isa = XCBuildConfiguration;
			baseConfigurationReference = B8160FCFEE095EB0724327D8 /* Pods-SwiftExampleWithCocoapods.release.xcconfig */;
			buildSettings = {
				ASSETCATALOG_COMPILER_APPICON_NAME = AppIcon;
				DEFINES_MODULE = YES;
				INFOPLIST_FILE = SwiftExampleWithCocoapods/Info.plist;
				LD_RUNPATH_SEARCH_PATHS = "$(inherited) @executable_path/Frameworks";
				PRODUCT_BUNDLE_IDENTIFIER = com.pyze.SwiftExampleWithCocoapods;
				PRODUCT_NAME = "$(TARGET_NAME)";
				SWIFT_OBJC_BRIDGING_HEADER = "SwiftExampleWithCocoapods/SwiftExampleWithCocoapods-Bridging-Header.h";
			};
			name = Release;
		};
/* End XCBuildConfiguration section */

/* Begin XCConfigurationList section */
		4616EFB61BF230EE00D06C73 /* Build configuration list for PBXProject "SwiftExampleWithCocoapods" */ = {
			isa = XCConfigurationList;
			buildConfigurations = (
				4616EFCB1BF230EE00D06C73 /* Debug */,
				4616EFCC1BF230EE00D06C73 /* Release */,
			);
			defaultConfigurationIsVisible = 0;
			defaultConfigurationName = Release;
		};
		4616EFCD1BF230EE00D06C73 /* Build configuration list for PBXNativeTarget "SwiftExampleWithCocoapods" */ = {
			isa = XCConfigurationList;
			buildConfigurations = (
				4616EFCE1BF230EE00D06C73 /* Debug */,
				4616EFCF1BF230EE00D06C73 /* Release */,
			);
			defaultConfigurationIsVisible = 0;
			defaultConfigurationName = Release;
		};
/* End XCConfigurationList section */
	};
	rootObject = 4616EFB31BF230EE00D06C73 /* Project object */;
}
