// !$*UTF8*$!
{
	archiveVersion = 1;
	classes = {
	};
	objectVersion = 46;
	objects = {

/* Begin PBXBuildFile section */
		5A0317BE1E531D0900F3511A /* main.m in Sources */ = {isa = PBXBuildFile; fileRef = 5A0317BD1E531D0900F3511A /* main.m */; };
		5A0317C11E531D0900F3511A /* AppDelegate.m in Sources */ = {isa = PBXBuildFile; fileRef = 5A0317C01E531D0900F3511A /* AppDelegate.m */; };
		5A0317C71E531D0900F3511A /* Main.storyboard in Resources */ = {isa = PBXBuildFile; fileRef = 5A0317C51E531D0900F3511A /* Main.storyboard */; };
		5A0317C91E531D0900F3511A /* Assets.xcassets in Resources */ = {isa = PBXBuildFile; fileRef = 5A0317C81E531D0900F3511A /* Assets.xcassets */; };
		5A0317CC1E531D0900F3511A /* LaunchScreen.storyboard in Resources */ = {isa = PBXBuildFile; fileRef = 5A0317CA1E531D0900F3511A /* LaunchScreen.storyboard */; };
		5A0317D71E531D0900F3511A /* PyzePersonalisationAppTests.m in Sources */ = {isa = PBXBuildFile; fileRef = 5A0317D61E531D0900F3511A /* PyzePersonalisationAppTests.m */; };
		5A0317E21E531D0900F3511A /* PyzePersonalisationAppUITests.m in Sources */ = {isa = PBXBuildFile; fileRef = 5A0317E11E531D0900F3511A /* PyzePersonalisationAppUITests.m */; };
		5A2332211E5C1A12007F140B /* ACFloatingTextField.m in Sources */ = {isa = PBXBuildFile; fileRef = 5A2332201E5C1A12007F140B /* ACFloatingTextField.m */; };
		5A23322E1E5C2C58007F140B /* PADataManager.m in Sources */ = {isa = PBXBuildFile; fileRef = 5A23322D1E5C2C58007F140B /* PADataManager.m */; };
		5A2332321E5C2C91007F140B /* PAUser.m in Sources */ = {isa = PBXBuildFile; fileRef = 5A2332311E5C2C91007F140B /* PAUser.m */; };
		5A2332361E5C394F007F140B /* LoginDetails.json in Resources */ = {isa = PBXBuildFile; fileRef = 5A2332351E5C394F007F140B /* LoginDetails.json */; };
		5A23323A1E5C3B14007F140B /* PALoginInfo.m in Sources */ = {isa = PBXBuildFile; fileRef = 5A2332391E5C3B14007F140B /* PALoginInfo.m */; };
		5A4A58CF1E54425800D951E6 /* PAHotelsController.m in Sources */ = {isa = PBXBuildFile; fileRef = 5A4A58CE1E54425800D951E6 /* PAHotelsController.m */; };
		5A4A58D31E54444100D951E6 /* PAHotelCell.m in Sources */ = {isa = PBXBuildFile; fileRef = 5A4A58D21E54444100D951E6 /* PAHotelCell.m */; };
		5A4A58DF1E54448700D951E6 /* PyzeTravel.json in Resources */ = {isa = PBXBuildFile; fileRef = 5A4A58DA1E54448700D951E6 /* PyzeTravel.json */; };
		5A4C85EE1E63D34400473868 /* py_user100012.json in Resources */ = {isa = PBXBuildFile; fileRef = 5A4C85EC1E63D34400473868 /* py_user100012.json */; };
		5A4C85EF1E63D34400473868 /* py_user100013.json in Resources */ = {isa = PBXBuildFile; fileRef = 5A4C85ED1E63D34400473868 /* py_user100013.json */; };
		5A4C85F21E64260400473868 /* PAConstants.m in Sources */ = {isa = PBXBuildFile; fileRef = 5A4C85F11E64260400473868 /* PAConstants.m */; };
		5A4C85F61E64453600473868 /* PAHomepageController.m in Sources */ = {isa = PBXBuildFile; fileRef = 5A4C85F51E64453600473868 /* PAHomepageController.m */; };
		5A52ED481E54536C00EDBAFA /* PACity.m in Sources */ = {isa = PBXBuildFile; fileRef = 5A52ED441E54536C00EDBAFA /* PACity.m */; };
		5A52ED491E54536C00EDBAFA /* PATravelInfo.m in Sources */ = {isa = PBXBuildFile; fileRef = 5A52ED461E54536C00EDBAFA /* PATravelInfo.m */; };
		5A52ED4C1E54538000EDBAFA /* PAHotel.m in Sources */ = {isa = PBXBuildFile; fileRef = 5A52ED4B1E54538000EDBAFA /* PAHotel.m */; };
		5A52ED4F1E54538800EDBAFA /* PAWeather.m in Sources */ = {isa = PBXBuildFile; fileRef = 5A52ED4E1E54538800EDBAFA /* PAWeather.m */; };
		5A52ED521E54539900EDBAFA /* PAFlight.m in Sources */ = {isa = PBXBuildFile; fileRef = 5A52ED511E54539900EDBAFA /* PAFlight.m */; };
		5A52ED551E5468A000EDBAFA /* PAHotelList.m in Sources */ = {isa = PBXBuildFile; fileRef = 5A52ED541E5468A000EDBAFA /* PAHotelList.m */; };
		5A53F5801E5D67BD00AA207E /* PAUtilities.m in Sources */ = {isa = PBXBuildFile; fileRef = 5A53F57F1E5D67BD00AA207E /* PAUtilities.m */; };
		5A69DC3D1E602A3D006A8A31 /* PAFlightList.m in Sources */ = {isa = PBXBuildFile; fileRef = 5A69DC3C1E602A3D006A8A31 /* PAFlightList.m */; };
		5A69DC401E602BE8006A8A31 /* PACarList.m in Sources */ = {isa = PBXBuildFile; fileRef = 5A69DC3F1E602BE8006A8A31 /* PACarList.m */; };
		5A69DC431E602C12006A8A31 /* PACar.m in Sources */ = {isa = PBXBuildFile; fileRef = 5A69DC421E602C12006A8A31 /* PACar.m */; };
		5A69DC461E605D2E006A8A31 /* sunny.png in Resources */ = {isa = PBXBuildFile; fileRef = 5A69DC451E605D2E006A8A31 /* sunny.png */; };
		5A69DC491E605E50006A8A31 /* PAFrequentCityCell.m in Sources */ = {isa = PBXBuildFile; fileRef = 5A69DC481E605E50006A8A31 /* PAFrequentCityCell.m */; };
		5A69DC541E6064E1006A8A31 /* PAFlightsCell.m in Sources */ = {isa = PBXBuildFile; fileRef = 5A69DC511E6064E1006A8A31 /* PAFlightsCell.m */; };
		5A69DC551E6064E1006A8A31 /* PAFlightsController.m in Sources */ = {isa = PBXBuildFile; fileRef = 5A69DC531E6064E1006A8A31 /* PAFlightsController.m */; };
		5A69DC591E606D52006A8A31 /* PAUserListController.m in Sources */ = {isa = PBXBuildFile; fileRef = 5A69DC581E606D52006A8A31 /* PAUserListController.m */; };
		5A6A29D41E559B340026BEB0 /* PACarsController.m in Sources */ = {isa = PBXBuildFile; fileRef = 5A6A29D31E559B340026BEB0 /* PACarsController.m */; };
		5AA723A41E532DD0008CFDB1 /* PAFeedManager.m in Sources */ = {isa = PBXBuildFile; fileRef = 5AA723A31E532DD0008CFDB1 /* PAFeedManager.m */; };
/* End PBXBuildFile section */

/* Begin PBXContainerItemProxy section */
		5A0317D31E531D0900F3511A /* PBXContainerItemProxy */ = {
			isa = PBXContainerItemProxy;
			containerPortal = 5A0317B11E531D0900F3511A /* Project object */;
			proxyType = 1;
			remoteGlobalIDString = 5A0317B81E531D0900F3511A;
			remoteInfo = PyzePersonalisationApp;
		};
		5A0317DE1E531D0900F3511A /* PBXContainerItemProxy */ = {
			isa = PBXContainerItemProxy;
			containerPortal = 5A0317B11E531D0900F3511A /* Project object */;
			proxyType = 1;
			remoteGlobalIDString = 5A0317B81E531D0900F3511A;
			remoteInfo = PyzePersonalisationApp;
		};
/* End PBXContainerItemProxy section */

/* Begin PBXFileReference section */
		5A0317B91E531D0900F3511A /* PyzePersonalisationApp.app */ = {isa = PBXFileReference; explicitFileType = wrapper.application; includeInIndex = 0; path = PyzePersonalisationApp.app; sourceTree = BUILT_PRODUCTS_DIR; };
		5A0317BD1E531D0900F3511A /* main.m */ = {isa = PBXFileReference; lastKnownFileType = sourcecode.c.objc; path = main.m; sourceTree = "<group>"; };
		5A0317BF1E531D0900F3511A /* AppDelegate.h */ = {isa = PBXFileReference; lastKnownFileType = sourcecode.c.h; path = AppDelegate.h; sourceTree = "<group>"; };
		5A0317C01E531D0900F3511A /* AppDelegate.m */ = {isa = PBXFileReference; lastKnownFileType = sourcecode.c.objc; path = AppDelegate.m; sourceTree = "<group>"; };
		5A0317C61E531D0900F3511A /* Base */ = {isa = PBXFileReference; lastKnownFileType = file.storyboard; name = Base; path = Base.lproj/Main.storyboard; sourceTree = "<group>"; };
		5A0317C81E531D0900F3511A /* Assets.xcassets */ = {isa = PBXFileReference; lastKnownFileType = folder.assetcatalog; path = Assets.xcassets; sourceTree = "<group>"; };
		5A0317CB1E531D0900F3511A /* Base */ = {isa = PBXFileReference; lastKnownFileType = file.storyboard; name = Base; path = Base.lproj/LaunchScreen.storyboard; sourceTree = "<group>"; };
		5A0317CD1E531D0900F3511A /* Info.plist */ = {isa = PBXFileReference; lastKnownFileType = text.plist.xml; path = Info.plist; sourceTree = "<group>"; };
		5A0317D21E531D0900F3511A /* PyzePersonalisationAppTests.xctest */ = {isa = PBXFileReference; explicitFileType = wrapper.cfbundle; includeInIndex = 0; path = PyzePersonalisationAppTests.xctest; sourceTree = BUILT_PRODUCTS_DIR; };
		5A0317D61E531D0900F3511A /* PyzePersonalisationAppTests.m */ = {isa = PBXFileReference; lastKnownFileType = sourcecode.c.objc; path = PyzePersonalisationAppTests.m; sourceTree = "<group>"; };
		5A0317D81E531D0900F3511A /* Info.plist */ = {isa = PBXFileReference; lastKnownFileType = text.plist.xml; path = Info.plist; sourceTree = "<group>"; };
		5A0317DD1E531D0900F3511A /* PyzePersonalisationAppUITests.xctest */ = {isa = PBXFileReference; explicitFileType = wrapper.cfbundle; includeInIndex = 0; path = PyzePersonalisationAppUITests.xctest; sourceTree = BUILT_PRODUCTS_DIR; };
		5A0317E11E531D0900F3511A /* PyzePersonalisationAppUITests.m */ = {isa = PBXFileReference; lastKnownFileType = sourcecode.c.objc; path = PyzePersonalisationAppUITests.m; sourceTree = "<group>"; };
		5A0317E31E531D0900F3511A /* Info.plist */ = {isa = PBXFileReference; lastKnownFileType = text.plist.xml; path = Info.plist; sourceTree = "<group>"; };
		5A23321F1E5C1A12007F140B /* ACFloatingTextField.h */ = {isa = PBXFileReference; fileEncoding = 4; lastKnownFileType = sourcecode.c.h; path = ACFloatingTextField.h; sourceTree = "<group>"; };
		5A2332201E5C1A12007F140B /* ACFloatingTextField.m */ = {isa = PBXFileReference; fileEncoding = 4; lastKnownFileType = sourcecode.c.objc; path = ACFloatingTextField.m; sourceTree = "<group>"; };
		5A23322C1E5C2C58007F140B /* PADataManager.h */ = {isa = PBXFileReference; fileEncoding = 4; lastKnownFileType = sourcecode.c.h; name = PADataManager.h; path = FeedManager/PADataManager.h; sourceTree = "<group>"; };
		5A23322D1E5C2C58007F140B /* PADataManager.m */ = {isa = PBXFileReference; fileEncoding = 4; lastKnownFileType = sourcecode.c.objc; name = PADataManager.m; path = FeedManager/PADataManager.m; sourceTree = "<group>"; };
		5A2332301E5C2C91007F140B /* PAUser.h */ = {isa = PBXFileReference; fileEncoding = 4; lastKnownFileType = sourcecode.c.h; name = PAUser.h; path = Models/User/PAUser.h; sourceTree = "<group>"; };
		5A2332311E5C2C91007F140B /* PAUser.m */ = {isa = PBXFileReference; fileEncoding = 4; lastKnownFileType = sourcecode.c.objc; name = PAUser.m; path = Models/User/PAUser.m; sourceTree = "<group>"; };
		5A2332351E5C394F007F140B /* LoginDetails.json */ = {isa = PBXFileReference; fileEncoding = 4; lastKnownFileType = text.json; path = LoginDetails.json; sourceTree = "<group>"; };
		5A2332381E5C3B14007F140B /* PALoginInfo.h */ = {isa = PBXFileReference; fileEncoding = 4; lastKnownFileType = sourcecode.c.h; name = PALoginInfo.h; path = Models/LoginInfo/PALoginInfo.h; sourceTree = "<group>"; };
		5A2332391E5C3B14007F140B /* PALoginInfo.m */ = {isa = PBXFileReference; fileEncoding = 4; lastKnownFileType = sourcecode.c.objc; name = PALoginInfo.m; path = Models/LoginInfo/PALoginInfo.m; sourceTree = "<group>"; };
		5A4A58CD1E54425800D951E6 /* PAHotelsController.h */ = {isa = PBXFileReference; fileEncoding = 4; lastKnownFileType = sourcecode.c.h; name = PAHotelsController.h; path = ViewContorllers/TravelInfoController/PAHotelsController.h; sourceTree = "<group>"; };
		5A4A58CE1E54425800D951E6 /* PAHotelsController.m */ = {isa = PBXFileReference; fileEncoding = 4; lastKnownFileType = sourcecode.c.objc; name = PAHotelsController.m; path = ViewContorllers/TravelInfoController/PAHotelsController.m; sourceTree = "<group>"; };
		5A4A58D11E54444100D951E6 /* PAHotelCell.h */ = {isa = PBXFileReference; fileEncoding = 4; lastKnownFileType = sourcecode.c.h; name = PAHotelCell.h; path = ViewContorllers/TravelInfoController/TravelInfoCell/PAHotelCell.h; sourceTree = "<group>"; };
		5A4A58D21E54444100D951E6 /* PAHotelCell.m */ = {isa = PBXFileReference; fileEncoding = 4; lastKnownFileType = sourcecode.c.objc; name = PAHotelCell.m; path = ViewContorllers/TravelInfoController/TravelInfoCell/PAHotelCell.m; sourceTree = "<group>"; };
		5A4A58DA1E54448700D951E6 /* PyzeTravel.json */ = {isa = PBXFileReference; fileEncoding = 4; lastKnownFileType = text.json; path = PyzeTravel.json; sourceTree = "<group>"; };
		5A4C85EC1E63D34400473868 /* py_user100012.json */ = {isa = PBXFileReference; fileEncoding = 4; lastKnownFileType = text.json; path = py_user100012.json; sourceTree = "<group>"; };
		5A4C85ED1E63D34400473868 /* py_user100013.json */ = {isa = PBXFileReference; fileEncoding = 4; lastKnownFileType = text.json; path = py_user100013.json; sourceTree = "<group>"; };
		5A4C85F01E64260400473868 /* PAConstants.h */ = {isa = PBXFileReference; fileEncoding = 4; lastKnownFileType = sourcecode.c.h; name = PAConstants.h; path = Utilities/PAConstants.h; sourceTree = "<group>"; };
		5A4C85F11E64260400473868 /* PAConstants.m */ = {isa = PBXFileReference; fileEncoding = 4; lastKnownFileType = sourcecode.c.objc; name = PAConstants.m; path = Utilities/PAConstants.m; sourceTree = "<group>"; };
		5A4C85F41E64453600473868 /* PAHomepageController.h */ = {isa = PBXFileReference; fileEncoding = 4; lastKnownFileType = sourcecode.c.h; path = PAHomepageController.h; sourceTree = "<group>"; };
		5A4C85F51E64453600473868 /* PAHomepageController.m */ = {isa = PBXFileReference; fileEncoding = 4; lastKnownFileType = sourcecode.c.objc; path = PAHomepageController.m; sourceTree = "<group>"; };
		5A52ED431E54536C00EDBAFA /* PACity.h */ = {isa = PBXFileReference; fileEncoding = 4; lastKnownFileType = sourcecode.c.h; path = PACity.h; sourceTree = "<group>"; };
		5A52ED441E54536C00EDBAFA /* PACity.m */ = {isa = PBXFileReference; fileEncoding = 4; lastKnownFileType = sourcecode.c.objc; path = PACity.m; sourceTree = "<group>"; };
		5A52ED451E54536C00EDBAFA /* PATravelInfo.h */ = {isa = PBXFileReference; fileEncoding = 4; lastKnownFileType = sourcecode.c.h; path = PATravelInfo.h; sourceTree = "<group>"; };
		5A52ED461E54536C00EDBAFA /* PATravelInfo.m */ = {isa = PBXFileReference; fileEncoding = 4; lastKnownFileType = sourcecode.c.objc; path = PATravelInfo.m; sourceTree = "<group>"; };
		5A52ED4A1E54538000EDBAFA /* PAHotel.h */ = {isa = PBXFileReference; fileEncoding = 4; lastKnownFileType = sourcecode.c.h; path = PAHotel.h; sourceTree = "<group>"; };
		5A52ED4B1E54538000EDBAFA /* PAHotel.m */ = {isa = PBXFileReference; fileEncoding = 4; lastKnownFileType = sourcecode.c.objc; path = PAHotel.m; sourceTree = "<group>"; };
		5A52ED4D1E54538800EDBAFA /* PAWeather.h */ = {isa = PBXFileReference; fileEncoding = 4; lastKnownFileType = sourcecode.c.h; path = PAWeather.h; sourceTree = "<group>"; };
		5A52ED4E1E54538800EDBAFA /* PAWeather.m */ = {isa = PBXFileReference; fileEncoding = 4; lastKnownFileType = sourcecode.c.objc; path = PAWeather.m; sourceTree = "<group>"; };
		5A52ED501E54539900EDBAFA /* PAFlight.h */ = {isa = PBXFileReference; fileEncoding = 4; lastKnownFileType = sourcecode.c.h; path = PAFlight.h; sourceTree = "<group>"; };
		5A52ED511E54539900EDBAFA /* PAFlight.m */ = {isa = PBXFileReference; fileEncoding = 4; lastKnownFileType = sourcecode.c.objc; path = PAFlight.m; sourceTree = "<group>"; };
		5A52ED531E5468A000EDBAFA /* PAHotelList.h */ = {isa = PBXFileReference; fileEncoding = 4; lastKnownFileType = sourcecode.c.h; path = PAHotelList.h; sourceTree = "<group>"; };
		5A52ED541E5468A000EDBAFA /* PAHotelList.m */ = {isa = PBXFileReference; fileEncoding = 4; lastKnownFileType = sourcecode.c.objc; path = PAHotelList.m; sourceTree = "<group>"; };
		5A53F57E1E5D67BD00AA207E /* PAUtilities.h */ = {isa = PBXFileReference; fileEncoding = 4; lastKnownFileType = sourcecode.c.h; name = PAUtilities.h; path = Utilities/PAUtilities.h; sourceTree = "<group>"; };
		5A53F57F1E5D67BD00AA207E /* PAUtilities.m */ = {isa = PBXFileReference; fileEncoding = 4; lastKnownFileType = sourcecode.c.objc; name = PAUtilities.m; path = Utilities/PAUtilities.m; sourceTree = "<group>"; };
		5A69DC3B1E602A3D006A8A31 /* PAFlightList.h */ = {isa = PBXFileReference; fileEncoding = 4; lastKnownFileType = sourcecode.c.h; path = PAFlightList.h; sourceTree = "<group>"; };
		5A69DC3C1E602A3D006A8A31 /* PAFlightList.m */ = {isa = PBXFileReference; fileEncoding = 4; lastKnownFileType = sourcecode.c.objc; path = PAFlightList.m; sourceTree = "<group>"; };
		5A69DC3E1E602BE8006A8A31 /* PACarList.h */ = {isa = PBXFileReference; fileEncoding = 4; lastKnownFileType = sourcecode.c.h; path = PACarList.h; sourceTree = "<group>"; };
		5A69DC3F1E602BE8006A8A31 /* PACarList.m */ = {isa = PBXFileReference; fileEncoding = 4; lastKnownFileType = sourcecode.c.objc; path = PACarList.m; sourceTree = "<group>"; };
		5A69DC411E602C12006A8A31 /* PACar.h */ = {isa = PBXFileReference; fileEncoding = 4; lastKnownFileType = sourcecode.c.h; path = PACar.h; sourceTree = "<group>"; };
		5A69DC421E602C12006A8A31 /* PACar.m */ = {isa = PBXFileReference; fileEncoding = 4; lastKnownFileType = sourcecode.c.objc; path = PACar.m; sourceTree = "<group>"; };
		5A69DC451E605D2E006A8A31 /* sunny.png */ = {isa = PBXFileReference; lastKnownFileType = image.png; path = sunny.png; sourceTree = "<group>"; };
		5A69DC471E605E50006A8A31 /* PAFrequentCityCell.h */ = {isa = PBXFileReference; fileEncoding = 4; lastKnownFileType = sourcecode.c.h; name = PAFrequentCityCell.h; path = ViewContorllers/TravelInfoController/FrequentCityCell/PAFrequentCityCell.h; sourceTree = "<group>"; };
		5A69DC481E605E50006A8A31 /* PAFrequentCityCell.m */ = {isa = PBXFileReference; fileEncoding = 4; lastKnownFileType = sourcecode.c.objc; name = PAFrequentCityCell.m; path = ViewContorllers/TravelInfoController/FrequentCityCell/PAFrequentCityCell.m; sourceTree = "<group>"; };
		5A69DC501E6064E1006A8A31 /* PAFlightsCell.h */ = {isa = PBXFileReference; fileEncoding = 4; lastKnownFileType = sourcecode.c.h; path = PAFlightsCell.h; sourceTree = "<group>"; };
		5A69DC511E6064E1006A8A31 /* PAFlightsCell.m */ = {isa = PBXFileReference; fileEncoding = 4; lastKnownFileType = sourcecode.c.objc; path = PAFlightsCell.m; sourceTree = "<group>"; };
		5A69DC521E6064E1006A8A31 /* PAFlightsController.h */ = {isa = PBXFileReference; fileEncoding = 4; lastKnownFileType = sourcecode.c.h; path = PAFlightsController.h; sourceTree = "<group>"; };
		5A69DC531E6064E1006A8A31 /* PAFlightsController.m */ = {isa = PBXFileReference; fileEncoding = 4; lastKnownFileType = sourcecode.c.objc; path = PAFlightsController.m; sourceTree = "<group>"; };
		5A69DC571E606D52006A8A31 /* PAUserListController.h */ = {isa = PBXFileReference; fileEncoding = 4; lastKnownFileType = sourcecode.c.h; name = PAUserListController.h; path = ViewContorllers/UserListController/PAUserListController.h; sourceTree = "<group>"; };
		5A69DC581E606D52006A8A31 /* PAUserListController.m */ = {isa = PBXFileReference; fileEncoding = 4; lastKnownFileType = sourcecode.c.objc; name = PAUserListController.m; path = ViewContorllers/UserListController/PAUserListController.m; sourceTree = "<group>"; };
		5A6A29D21E559B340026BEB0 /* PACarsController.h */ = {isa = PBXFileReference; fileEncoding = 4; lastKnownFileType = sourcecode.c.h; path = PACarsController.h; sourceTree = "<group>"; };
		5A6A29D31E559B340026BEB0 /* PACarsController.m */ = {isa = PBXFileReference; fileEncoding = 4; lastKnownFileType = sourcecode.c.objc; path = PACarsController.m; sourceTree = "<group>"; };
		5AA723A21E532DD0008CFDB1 /* PAFeedManager.h */ = {isa = PBXFileReference; fileEncoding = 4; lastKnownFileType = sourcecode.c.h; name = PAFeedManager.h; path = FeedManager/PAFeedManager.h; sourceTree = "<group>"; };
		5AA723A31E532DD0008CFDB1 /* PAFeedManager.m */ = {isa = PBXFileReference; fileEncoding = 4; lastKnownFileType = sourcecode.c.objc; name = PAFeedManager.m; path = FeedManager/PAFeedManager.m; sourceTree = "<group>"; };
/* End PBXFileReference section */

/* Begin PBXFrameworksBuildPhase section */
		5A0317B61E531D0900F3511A /* Frameworks */ = {
			isa = PBXFrameworksBuildPhase;
			buildActionMask = 2147483647;
			files = (
			);
			runOnlyForDeploymentPostprocessing = 0;
		};
		5A0317CF1E531D0900F3511A /* Frameworks */ = {
			isa = PBXFrameworksBuildPhase;
			buildActionMask = 2147483647;
			files = (
			);
			runOnlyForDeploymentPostprocessing = 0;
		};
		5A0317DA1E531D0900F3511A /* Frameworks */ = {
			isa = PBXFrameworksBuildPhase;
			buildActionMask = 2147483647;
			files = (
			);
			runOnlyForDeploymentPostprocessing = 0;
		};
/* End PBXFrameworksBuildPhase section */

/* Begin PBXGroup section */
		5A0317B01E531D0900F3511A = {
			isa = PBXGroup;
			children = (
				5A0317BB1E531D0900F3511A /* PyzePersonalisationApp */,
				5A52ED581E54803300EDBAFA /* Tests */,
				5A0317BA1E531D0900F3511A /* Products */,
			);
			sourceTree = "<group>";
		};
		5A0317BA1E531D0900F3511A /* Products */ = {
			isa = PBXGroup;
			children = (
				5A0317B91E531D0900F3511A /* PyzePersonalisationApp.app */,
				5A0317D21E531D0900F3511A /* PyzePersonalisationAppTests.xctest */,
				5A0317DD1E531D0900F3511A /* PyzePersonalisationAppUITests.xctest */,
			);
			name = Products;
			sourceTree = "<group>";
		};
		5A0317BB1E531D0900F3511A /* PyzePersonalisationApp */ = {
			isa = PBXGroup;
			children = (
				5A53F57D1E5D679C00AA207E /* UtilityClasses */,
				5A23321D1E5C1A12007F140B /* CustomViews */,
				5AA723A81E532E03008CFDB1 /* Models */,
				5AA723A11E532D6F008CFDB1 /* FeedManager */,
				5A0317F31E532B3000F3511A /* ViewControllers */,
				5A0317BF1E531D0900F3511A /* AppDelegate.h */,
				5A0317C01E531D0900F3511A /* AppDelegate.m */,
				5A0317C51E531D0900F3511A /* Main.storyboard */,
				5A0317C81E531D0900F3511A /* Assets.xcassets */,
				5A0317CA1E531D0900F3511A /* LaunchScreen.storyboard */,
				5A0317CD1E531D0900F3511A /* Info.plist */,
				5A0317BC1E531D0900F3511A /* Supporting Files */,
			);
			path = PyzePersonalisationApp;
			sourceTree = "<group>";
		};
		5A0317BC1E531D0900F3511A /* Supporting Files */ = {
			isa = PBXGroup;
			children = (
				5AA723A91E532F12008CFDB1 /* Resources */,
				5A0317BD1E531D0900F3511A /* main.m */,
			);
			name = "Supporting Files";
			sourceTree = "<group>";
		};
		5A0317D51E531D0900F3511A /* PyzePersonalisationAppTests */ = {
			isa = PBXGroup;
			children = (
				5A0317D61E531D0900F3511A /* PyzePersonalisationAppTests.m */,
				5A0317D81E531D0900F3511A /* Info.plist */,
			);
			path = PyzePersonalisationAppTests;
			sourceTree = SOURCE_ROOT;
		};
		5A0317E01E531D0900F3511A /* PyzePersonalisationAppUITests */ = {
			isa = PBXGroup;
			children = (
				5A0317E11E531D0900F3511A /* PyzePersonalisationAppUITests.m */,
				5A0317E31E531D0900F3511A /* Info.plist */,
			);
			path = PyzePersonalisationAppUITests;
			sourceTree = SOURCE_ROOT;
		};
		5A0317F31E532B3000F3511A /* ViewControllers */ = {
			isa = PBXGroup;
			children = (
				5A4C85F31E64453600473868 /* HomepageController */,
				5A69DC561E606D35006A8A31 /* UserListController */,
				5A6A29CA1E559AF10026BEB0 /* CarsController */,
				5A69DC4E1E6064E1006A8A31 /* PAFlightsController */,
				5A4A58CC1E54422600D951E6 /* TravelInfoController */,
			);
			name = ViewControllers;
			sourceTree = "<group>";
		};
		5A23321D1E5C1A12007F140B /* CustomViews */ = {
			isa = PBXGroup;
			children = (
				5A23321E1E5C1A12007F140B /* ACFloatingTextField */,
			);
			path = CustomViews;
			sourceTree = "<group>";
		};
		5A23321E1E5C1A12007F140B /* ACFloatingTextField */ = {
			isa = PBXGroup;
			children = (
				5A23321F1E5C1A12007F140B /* ACFloatingTextField.h */,
				5A2332201E5C1A12007F140B /* ACFloatingTextField.m */,
			);
			path = ACFloatingTextField;
			sourceTree = "<group>";
		};
		5A23322B1E5C2C12007F140B /* DataManager */ = {
			isa = PBXGroup;
			children = (
				5A23322C1E5C2C58007F140B /* PADataManager.h */,
				5A23322D1E5C2C58007F140B /* PADataManager.m */,
			);
			name = DataManager;
			sourceTree = "<group>";
		};
		5A23322F1E5C2C7A007F140B /* User */ = {
			isa = PBXGroup;
			children = (
				5A2332301E5C2C91007F140B /* PAUser.h */,
				5A2332311E5C2C91007F140B /* PAUser.m */,
			);
			name = User;
			sourceTree = "<group>";
		};
		5A2332371E5C3A33007F140B /* Login */ = {
			isa = PBXGroup;
			children = (
				5A2332381E5C3B14007F140B /* PALoginInfo.h */,
				5A2332391E5C3B14007F140B /* PALoginInfo.m */,
			);
			name = Login;
			sourceTree = "<group>";
		};
		5A4A58CC1E54422600D951E6 /* TravelInfoController */ = {
			isa = PBXGroup;
			children = (
				5A69DC441E605C00006A8A31 /* PAFrequentCityCell */,
				5A4A58D01E5443C300D951E6 /* PAHotelCell */,
				5A4A58CD1E54425800D951E6 /* PAHotelsController.h */,
				5A4A58CE1E54425800D951E6 /* PAHotelsController.m */,
			);
			name = TravelInfoController;
			sourceTree = "<group>";
		};
		5A4A58D01E5443C300D951E6 /* PAHotelCell */ = {
			isa = PBXGroup;
			children = (
				5A4A58D11E54444100D951E6 /* PAHotelCell.h */,
				5A4A58D21E54444100D951E6 /* PAHotelCell.m */,
			);
			name = PAHotelCell;
			sourceTree = "<group>";
		};
		5A4A58D41E54448700D951E6 /* Images */ = {
			isa = PBXGroup;
			children = (
				5A6A29BA1E5598190026BEB0 /* Travel */,
			);
			path = Images;
			sourceTree = "<group>";
		};
		5A4A58D71E54448700D951E6 /* JSON */ = {
			isa = PBXGroup;
			children = (
				5A4C85EC1E63D34400473868 /* py_user100012.json */,
				5A4C85ED1E63D34400473868 /* py_user100013.json */,
				5A2332351E5C394F007F140B /* LoginDetails.json */,
				5A4A58DA1E54448700D951E6 /* PyzeTravel.json */,
			);
			path = JSON;
			sourceTree = "<group>";
		};
		5A4C85F31E64453600473868 /* HomepageController */ = {
			isa = PBXGroup;
			children = (
				5A4C85F41E64453600473868 /* PAHomepageController.h */,
				5A4C85F51E64453600473868 /* PAHomepageController.m */,
			);
			name = HomepageController;
			path = ViewContorllers/HomepageController;
			sourceTree = "<group>";
		};
		5A52ED421E54536C00EDBAFA /* Travel */ = {
			isa = PBXGroup;
			children = (
				5A52ED451E54536C00EDBAFA /* PATravelInfo.h */,
				5A52ED461E54536C00EDBAFA /* PATravelInfo.m */,
				5A52ED431E54536C00EDBAFA /* PACity.h */,
				5A52ED441E54536C00EDBAFA /* PACity.m */,
				5A52ED4D1E54538800EDBAFA /* PAWeather.h */,
				5A52ED4E1E54538800EDBAFA /* PAWeather.m */,
				5A52ED531E5468A000EDBAFA /* PAHotelList.h */,
				5A52ED541E5468A000EDBAFA /* PAHotelList.m */,
				5A52ED4A1E54538000EDBAFA /* PAHotel.h */,
				5A52ED4B1E54538000EDBAFA /* PAHotel.m */,
				5A69DC3B1E602A3D006A8A31 /* PAFlightList.h */,
				5A69DC3C1E602A3D006A8A31 /* PAFlightList.m */,
				5A52ED501E54539900EDBAFA /* PAFlight.h */,
				5A52ED511E54539900EDBAFA /* PAFlight.m */,
				5A69DC3E1E602BE8006A8A31 /* PACarList.h */,
				5A69DC3F1E602BE8006A8A31 /* PACarList.m */,
				5A69DC411E602C12006A8A31 /* PACar.h */,
				5A69DC421E602C12006A8A31 /* PACar.m */,
			);
			name = Travel;
			path = Models/Travel;
			sourceTree = "<group>";
		};
		5A52ED581E54803300EDBAFA /* Tests */ = {
			isa = PBXGroup;
			children = (
				5A0317D51E531D0900F3511A /* PyzePersonalisationAppTests */,
				5A0317E01E531D0900F3511A /* PyzePersonalisationAppUITests */,
			);
			name = Tests;
			path = PyzePersonalisationApp;
			sourceTree = "<group>";
		};
		5A53F57D1E5D679C00AA207E /* UtilityClasses */ = {
			isa = PBXGroup;
			children = (
				5A53F57E1E5D67BD00AA207E /* PAUtilities.h */,
				5A53F57F1E5D67BD00AA207E /* PAUtilities.m */,
				5A4C85F01E64260400473868 /* PAConstants.h */,
				5A4C85F11E64260400473868 /* PAConstants.m */,
			);
			name = UtilityClasses;
			sourceTree = "<group>";
		};
		5A69DC441E605C00006A8A31 /* PAFrequentCityCell */ = {
			isa = PBXGroup;
			children = (
				5A69DC471E605E50006A8A31 /* PAFrequentCityCell.h */,
				5A69DC481E605E50006A8A31 /* PAFrequentCityCell.m */,
			);
			name = PAFrequentCityCell;
			sourceTree = "<group>";
		};
		5A69DC4E1E6064E1006A8A31 /* PAFlightsController */ = {
			isa = PBXGroup;
			children = (
				5A69DC4F1E6064E1006A8A31 /* PAFlightsCell */,
				5A69DC521E6064E1006A8A31 /* PAFlightsController.h */,
				5A69DC531E6064E1006A8A31 /* PAFlightsController.m */,
			);
			name = PAFlightsController;
			path = ViewContorllers/PAFlightsController;
			sourceTree = "<group>";
		};
		5A69DC4F1E6064E1006A8A31 /* PAFlightsCell */ = {
			isa = PBXGroup;
			children = (
				5A69DC501E6064E1006A8A31 /* PAFlightsCell.h */,
				5A69DC511E6064E1006A8A31 /* PAFlightsCell.m */,
			);
			path = PAFlightsCell;
			sourceTree = "<group>";
		};
		5A69DC561E606D35006A8A31 /* UserListController */ = {
			isa = PBXGroup;
			children = (
				5A69DC571E606D52006A8A31 /* PAUserListController.h */,
				5A69DC581E606D52006A8A31 /* PAUserListController.m */,
			);
			name = UserListController;
			sourceTree = "<group>";
		};
		5A6A29BA1E5598190026BEB0 /* Travel */ = {
			isa = PBXGroup;
			children = (
				5A69DC451E605D2E006A8A31 /* sunny.png */,
			);
			path = Travel;
			sourceTree = "<group>";
		};
		5A6A29CA1E559AF10026BEB0 /* CarsController */ = {
			isa = PBXGroup;
			children = (
				5A6A29D21E559B340026BEB0 /* PACarsController.h */,
				5A6A29D31E559B340026BEB0 /* PACarsController.m */,
			);
			name = CarsController;
			path = ViewContorllers/ECommerceController;
			sourceTree = "<group>";
		};
		5AA723A11E532D6F008CFDB1 /* FeedManager */ = {
			isa = PBXGroup;
			children = (
				5A23322B1E5C2C12007F140B /* DataManager */,
				5AA723A21E532DD0008CFDB1 /* PAFeedManager.h */,
				5AA723A31E532DD0008CFDB1 /* PAFeedManager.m */,
			);
			name = FeedManager;
			sourceTree = "<group>";
		};
		5AA723A81E532E03008CFDB1 /* Models */ = {
			isa = PBXGroup;
			children = (
				5A2332371E5C3A33007F140B /* Login */,
				5A23322F1E5C2C7A007F140B /* User */,
				5A52ED421E54536C00EDBAFA /* Travel */,
			);
			name = Models;
			sourceTree = "<group>";
		};
		5AA723A91E532F12008CFDB1 /* Resources */ = {
			isa = PBXGroup;
			children = (
				5A4A58D41E54448700D951E6 /* Images */,
				5A4A58D71E54448700D951E6 /* JSON */,
			);
			path = Resources;
			sourceTree = "<group>";
		};
/* End PBXGroup section */

/* Begin PBXNativeTarget section */
		5A0317B81E531D0900F3511A /* PyzePersonalisationApp */ = {
			isa = PBXNativeTarget;
			buildConfigurationList = 5A0317E61E531D0900F3511A /* Build configuration list for PBXNativeTarget "PyzePersonalisationApp" */;
			buildPhases = (
				5A0317B51E531D0900F3511A /* Sources */,
				5A0317B61E531D0900F3511A /* Frameworks */,
				5A0317B71E531D0900F3511A /* Resources */,
			);
			buildRules = (
			);
			dependencies = (
			);
			name = PyzePersonalisationApp;
			productName = PyzePersonalisationApp;
			productReference = 5A0317B91E531D0900F3511A /* PyzePersonalisationApp.app */;
			productType = "com.apple.product-type.application";
		};
		5A0317D11E531D0900F3511A /* PyzePersonalisationAppTests */ = {
			isa = PBXNativeTarget;
			buildConfigurationList = 5A0317E91E531D0900F3511A /* Build configuration list for PBXNativeTarget "PyzePersonalisationAppTests" */;
			buildPhases = (
				5A0317CE1E531D0900F3511A /* Sources */,
				5A0317CF1E531D0900F3511A /* Frameworks */,
				5A0317D01E531D0900F3511A /* Resources */,
			);
			buildRules = (
			);
			dependencies = (
				5A0317D41E531D0900F3511A /* PBXTargetDependency */,
			);
			name = PyzePersonalisationAppTests;
			productName = PyzePersonalisationAppTests;
			productReference = 5A0317D21E531D0900F3511A /* PyzePersonalisationAppTests.xctest */;
			productType = "com.apple.product-type.bundle.unit-test";
		};
		5A0317DC1E531D0900F3511A /* PyzePersonalisationAppUITests */ = {
			isa = PBXNativeTarget;
			buildConfigurationList = 5A0317EC1E531D0900F3511A /* Build configuration list for PBXNativeTarget "PyzePersonalisationAppUITests" */;
			buildPhases = (
				5A0317D91E531D0900F3511A /* Sources */,
				5A0317DA1E531D0900F3511A /* Frameworks */,
				5A0317DB1E531D0900F3511A /* Resources */,
			);
			buildRules = (
			);
			dependencies = (
				5A0317DF1E531D0900F3511A /* PBXTargetDependency */,
			);
			name = PyzePersonalisationAppUITests;
			productName = PyzePersonalisationAppUITests;
			productReference = 5A0317DD1E531D0900F3511A /* PyzePersonalisationAppUITests.xctest */;
			productType = "com.apple.product-type.bundle.ui-testing";
		};
/* End PBXNativeTarget section */

/* Begin PBXProject section */
		5A0317B11E531D0900F3511A /* Project object */ = {
			isa = PBXProject;
			attributes = {
				LastUpgradeCheck = 0820;
				ORGANIZATIONNAME = "Robosoft Technologies Pvt. Ltd.";
				TargetAttributes = {
					5A0317B81E531D0900F3511A = {
						CreatedOnToolsVersion = 8.2;
						ProvisioningStyle = Automatic;
					};
					5A0317D11E531D0900F3511A = {
						CreatedOnToolsVersion = 8.2;
						ProvisioningStyle = Automatic;
						TestTargetID = 5A0317B81E531D0900F3511A;
					};
					5A0317DC1E531D0900F3511A = {
						CreatedOnToolsVersion = 8.2;
						ProvisioningStyle = Automatic;
						TestTargetID = 5A0317B81E531D0900F3511A;
					};
				};
			};
			buildConfigurationList = 5A0317B41E531D0900F3511A /* Build configuration list for PBXProject "PyzePersonalisationApp" */;
			compatibilityVersion = "Xcode 3.2";
			developmentRegion = English;
			hasScannedForEncodings = 0;
			knownRegions = (
				en,
				Base,
			);
			mainGroup = 5A0317B01E531D0900F3511A;
			productRefGroup = 5A0317BA1E531D0900F3511A /* Products */;
			projectDirPath = "";
			projectRoot = "";
			targets = (
				5A0317B81E531D0900F3511A /* PyzePersonalisationApp */,
				5A0317D11E531D0900F3511A /* PyzePersonalisationAppTests */,
				5A0317DC1E531D0900F3511A /* PyzePersonalisationAppUITests */,
			);
		};
/* End PBXProject section */

/* Begin PBXResourcesBuildPhase section */
		5A0317B71E531D0900F3511A /* Resources */ = {
			isa = PBXResourcesBuildPhase;
			buildActionMask = 2147483647;
			files = (
				5A0317CC1E531D0900F3511A /* LaunchScreen.storyboard in Resources */,
				5A2332361E5C394F007F140B /* LoginDetails.json in Resources */,
				5A69DC461E605D2E006A8A31 /* sunny.png in Resources */,
				5A0317C91E531D0900F3511A /* Assets.xcassets in Resources */,
				5A4A58DF1E54448700D951E6 /* PyzeTravel.json in Resources */,
				5A4C85EE1E63D34400473868 /* py_user100012.json in Resources */,
				5A4C85EF1E63D34400473868 /* py_user100013.json in Resources */,
				5A0317C71E531D0900F3511A /* Main.storyboard in Resources */,
			);
			runOnlyForDeploymentPostprocessing = 0;
		};
		5A0317D01E531D0900F3511A /* Resources */ = {
			isa = PBXResourcesBuildPhase;
			buildActionMask = 2147483647;
			files = (
			);
			runOnlyForDeploymentPostprocessing = 0;
		};
		5A0317DB1E531D0900F3511A /* Resources */ = {
			isa = PBXResourcesBuildPhase;
			buildActionMask = 2147483647;
			files = (
			);
			runOnlyForDeploymentPostprocessing = 0;
		};
/* End PBXResourcesBuildPhase section */

/* Begin PBXSourcesBuildPhase section */
		5A0317B51E531D0900F3511A /* Sources */ = {
			isa = PBXSourcesBuildPhase;
			buildActionMask = 2147483647;
			files = (
				5A69DC3D1E602A3D006A8A31 /* PAFlightList.m in Sources */,
				5A69DC591E606D52006A8A31 /* PAUserListController.m in Sources */,
				5A2332211E5C1A12007F140B /* ACFloatingTextField.m in Sources */,
				5A52ED4C1E54538000EDBAFA /* PAHotel.m in Sources */,
				5A52ED521E54539900EDBAFA /* PAFlight.m in Sources */,
				5A69DC491E605E50006A8A31 /* PAFrequentCityCell.m in Sources */,
				5A4C85F61E64453600473868 /* PAHomepageController.m in Sources */,
				5A69DC541E6064E1006A8A31 /* PAFlightsCell.m in Sources */,
				5A52ED551E5468A000EDBAFA /* PAHotelList.m in Sources */,
				5A0317C11E531D0900F3511A /* AppDelegate.m in Sources */,
				5AA723A41E532DD0008CFDB1 /* PAFeedManager.m in Sources */,
				5A52ED491E54536C00EDBAFA /* PATravelInfo.m in Sources */,
				5A0317BE1E531D0900F3511A /* main.m in Sources */,
				5A69DC431E602C12006A8A31 /* PACar.m in Sources */,
				5A6A29D41E559B340026BEB0 /* PACarsController.m in Sources */,
				5A52ED481E54536C00EDBAFA /* PACity.m in Sources */,
				5A69DC551E6064E1006A8A31 /* PAFlightsController.m in Sources */,
				5A4A58D31E54444100D951E6 /* PAHotelCell.m in Sources */,
				5A69DC401E602BE8006A8A31 /* PACarList.m in Sources */,
				5A2332321E5C2C91007F140B /* PAUser.m in Sources */,
				5A4C85F21E64260400473868 /* PAConstants.m in Sources */,
				5A52ED4F1E54538800EDBAFA /* PAWeather.m in Sources */,
				5A4A58CF1E54425800D951E6 /* PAHotelsController.m in Sources */,
				5A23323A1E5C3B14007F140B /* PALoginInfo.m in Sources */,
				5A23322E1E5C2C58007F140B /* PADataManager.m in Sources */,
				5A53F5801E5D67BD00AA207E /* PAUtilities.m in Sources */,
			);
			runOnlyForDeploymentPostprocessing = 0;
		};
		5A0317CE1E531D0900F3511A /* Sources */ = {
			isa = PBXSourcesBuildPhase;
			buildActionMask = 2147483647;
			files = (
				5A0317D71E531D0900F3511A /* PyzePersonalisationAppTests.m in Sources */,
			);
			runOnlyForDeploymentPostprocessing = 0;
		};
		5A0317D91E531D0900F3511A /* Sources */ = {
			isa = PBXSourcesBuildPhase;
			buildActionMask = 2147483647;
			files = (
				5A0317E21E531D0900F3511A /* PyzePersonalisationAppUITests.m in Sources */,
			);
			runOnlyForDeploymentPostprocessing = 0;
		};
/* End PBXSourcesBuildPhase section */

/* Begin PBXTargetDependency section */
		5A0317D41E531D0900F3511A /* PBXTargetDependency */ = {
			isa = PBXTargetDependency;
			target = 5A0317B81E531D0900F3511A /* PyzePersonalisationApp */;
			targetProxy = 5A0317D31E531D0900F3511A /* PBXContainerItemProxy */;
		};
		5A0317DF1E531D0900F3511A /* PBXTargetDependency */ = {
			isa = PBXTargetDependency;
			target = 5A0317B81E531D0900F3511A /* PyzePersonalisationApp */;
			targetProxy = 5A0317DE1E531D0900F3511A /* PBXContainerItemProxy */;
		};
/* End PBXTargetDependency section */

/* Begin PBXVariantGroup section */
		5A0317C51E531D0900F3511A /* Main.storyboard */ = {
			isa = PBXVariantGroup;
			children = (
				5A0317C61E531D0900F3511A /* Base */,
			);
			name = Main.storyboard;
			sourceTree = "<group>";
		};
		5A0317CA1E531D0900F3511A /* LaunchScreen.storyboard */ = {
			isa = PBXVariantGroup;
			children = (
				5A0317CB1E531D0900F3511A /* Base */,
			);
			name = LaunchScreen.storyboard;
			sourceTree = "<group>";
		};
/* End PBXVariantGroup section */

/* Begin XCBuildConfiguration section */
		5A0317E41E531D0900F3511A /* Debug */ = {
			isa = XCBuildConfiguration;
			buildSettings = {
				ALWAYS_SEARCH_USER_PATHS = NO;
				CLANG_ANALYZER_NONNULL = YES;
				CLANG_CXX_LANGUAGE_STANDARD = "gnu++0x";
				CLANG_CXX_LIBRARY = "libc++";
				CLANG_ENABLE_MODULES = YES;
				CLANG_ENABLE_OBJC_ARC = YES;
				CLANG_WARN_BOOL_CONVERSION = YES;
				CLANG_WARN_CONSTANT_CONVERSION = YES;
				CLANG_WARN_DIRECT_OBJC_ISA_USAGE = YES_ERROR;
				CLANG_WARN_DOCUMENTATION_COMMENTS = YES;
				CLANG_WARN_EMPTY_BODY = YES;
				CLANG_WARN_ENUM_CONVERSION = YES;
				CLANG_WARN_INFINITE_RECURSION = YES;
				CLANG_WARN_INT_CONVERSION = YES;
				CLANG_WARN_OBJC_ROOT_CLASS = YES_ERROR;
				CLANG_WARN_SUSPICIOUS_MOVE = YES;
				CLANG_WARN_UNREACHABLE_CODE = YES;
				CLANG_WARN__DUPLICATE_METHOD_MATCH = YES;
				"CODE_SIGN_IDENTITY[sdk=iphoneos*]" = "iPhone Developer";
				COPY_PHASE_STRIP = NO;
				DEBUG_INFORMATION_FORMAT = dwarf;
				ENABLE_STRICT_OBJC_MSGSEND = YES;
				ENABLE_TESTABILITY = YES;
				GCC_C_LANGUAGE_STANDARD = gnu99;
				GCC_DYNAMIC_NO_PIC = NO;
				GCC_NO_COMMON_BLOCKS = YES;
				GCC_OPTIMIZATION_LEVEL = 0;
				GCC_PREPROCESSOR_DEFINITIONS = (
					"DEBUG=1",
					"$(inherited)",
				);
				GCC_WARN_64_TO_32_BIT_CONVERSION = YES;
				GCC_WARN_ABOUT_RETURN_TYPE = YES_ERROR;
				GCC_WARN_UNDECLARED_SELECTOR = YES;
				GCC_WARN_UNINITIALIZED_AUTOS = YES_AGGRESSIVE;
				GCC_WARN_UNUSED_FUNCTION = YES;
				GCC_WARN_UNUSED_VARIABLE = YES;
				IPHONEOS_DEPLOYMENT_TARGET = 10.2;
				MTL_ENABLE_DEBUG_INFO = YES;
				ONLY_ACTIVE_ARCH = YES;
				SDKROOT = iphoneos;
			};
			name = Debug;
		};
		5A0317E51E531D0900F3511A /* Release */ = {
			isa = XCBuildConfiguration;
			buildSettings = {
				ALWAYS_SEARCH_USER_PATHS = NO;
				CLANG_ANALYZER_NONNULL = YES;
				CLANG_CXX_LANGUAGE_STANDARD = "gnu++0x";
				CLANG_CXX_LIBRARY = "libc++";
				CLANG_ENABLE_MODULES = YES;
				CLANG_ENABLE_OBJC_ARC = YES;
				CLANG_WARN_BOOL_CONVERSION = YES;
				CLANG_WARN_CONSTANT_CONVERSION = YES;
				CLANG_WARN_DIRECT_OBJC_ISA_USAGE = YES_ERROR;
				CLANG_WARN_DOCUMENTATION_COMMENTS = YES;
				CLANG_WARN_EMPTY_BODY = YES;
				CLANG_WARN_ENUM_CONVERSION = YES;
				CLANG_WARN_INFINITE_RECURSION = YES;
				CLANG_WARN_INT_CONVERSION = YES;
				CLANG_WARN_OBJC_ROOT_CLASS = YES_ERROR;
				CLANG_WARN_SUSPICIOUS_MOVE = YES;
				CLANG_WARN_UNREACHABLE_CODE = YES;
				CLANG_WARN__DUPLICATE_METHOD_MATCH = YES;
				"CODE_SIGN_IDENTITY[sdk=iphoneos*]" = "iPhone Developer";
				COPY_PHASE_STRIP = NO;
				DEBUG_INFORMATION_FORMAT = "dwarf-with-dsym";
				ENABLE_NS_ASSERTIONS = NO;
				ENABLE_STRICT_OBJC_MSGSEND = YES;
				GCC_C_LANGUAGE_STANDARD = gnu99;
				GCC_NO_COMMON_BLOCKS = YES;
				GCC_WARN_64_TO_32_BIT_CONVERSION = YES;
				GCC_WARN_ABOUT_RETURN_TYPE = YES_ERROR;
				GCC_WARN_UNDECLARED_SELECTOR = YES;
				GCC_WARN_UNINITIALIZED_AUTOS = YES_AGGRESSIVE;
				GCC_WARN_UNUSED_FUNCTION = YES;
				GCC_WARN_UNUSED_VARIABLE = YES;
				IPHONEOS_DEPLOYMENT_TARGET = 10.2;
				MTL_ENABLE_DEBUG_INFO = NO;
				SDKROOT = iphoneos;
				VALIDATE_PRODUCT = YES;
			};
			name = Release;
		};
		5A0317E71E531D0900F3511A /* Debug */ = {
			isa = XCBuildConfiguration;
			buildSettings = {
				ASSETCATALOG_COMPILER_APPICON_NAME = AppIcon;
				INFOPLIST_FILE = PyzePersonalisationApp/Info.plist;
				IPHONEOS_DEPLOYMENT_TARGET = 9.0;
				LD_RUNPATH_SEARCH_PATHS = "$(inherited) @executable_path/Frameworks";
				PRODUCT_BUNDLE_IDENTIFIER = com.pyze.PyzePersonalisationApp;
				PRODUCT_NAME = "$(TARGET_NAME)";
			};
			name = Debug;
		};
		5A0317E81E531D0900F3511A /* Release */ = {
			isa = XCBuildConfiguration;
			buildSettings = {
				ASSETCATALOG_COMPILER_APPICON_NAME = AppIcon;
				INFOPLIST_FILE = PyzePersonalisationApp/Info.plist;
				IPHONEOS_DEPLOYMENT_TARGET = 9.0;
				LD_RUNPATH_SEARCH_PATHS = "$(inherited) @executable_path/Frameworks";
				PRODUCT_BUNDLE_IDENTIFIER = com.pyze.PyzePersonalisationApp;
				PRODUCT_NAME = "$(TARGET_NAME)";
			};
			name = Release;
		};
		5A0317EA1E531D0900F3511A /* Debug */ = {
			isa = XCBuildConfiguration;
			buildSettings = {
				BUNDLE_LOADER = "$(TEST_HOST)";
				INFOPLIST_FILE = PyzePersonalisationAppTests/Info.plist;
				LD_RUNPATH_SEARCH_PATHS = "$(inherited) @executable_path/Frameworks @loader_path/Frameworks";
				PRODUCT_BUNDLE_IDENTIFIER = com.pyze.PyzePersonalisationAppTests;
				PRODUCT_NAME = "$(TARGET_NAME)";
				TEST_HOST = "$(BUILT_PRODUCTS_DIR)/PyzePersonalisationApp.app/PyzePersonalisationApp";
			};
			name = Debug;
		};
		5A0317EB1E531D0900F3511A /* Release */ = {
			isa = XCBuildConfiguration;
			buildSettings = {
				BUNDLE_LOADER = "$(TEST_HOST)";
				INFOPLIST_FILE = PyzePersonalisationAppTests/Info.plist;
				LD_RUNPATH_SEARCH_PATHS = "$(inherited) @executable_path/Frameworks @loader_path/Frameworks";
				PRODUCT_BUNDLE_IDENTIFIER = com.pyze.PyzePersonalisationAppTests;
				PRODUCT_NAME = "$(TARGET_NAME)";
				TEST_HOST = "$(BUILT_PRODUCTS_DIR)/PyzePersonalisationApp.app/PyzePersonalisationApp";
			};
			name = Release;
		};
		5A0317ED1E531D0900F3511A /* Debug */ = {
			isa = XCBuildConfiguration;
			buildSettings = {
				INFOPLIST_FILE = PyzePersonalisationAppUITests/Info.plist;
				LD_RUNPATH_SEARCH_PATHS = "$(inherited) @executable_path/Frameworks @loader_path/Frameworks";
				PRODUCT_BUNDLE_IDENTIFIER = com.pyze.PyzePersonalisationAppUITests;
				PRODUCT_NAME = "$(TARGET_NAME)";
				TEST_TARGET_NAME = PyzePersonalisationApp;
			};
			name = Debug;
		};
		5A0317EE1E531D0900F3511A /* Release */ = {
			isa = XCBuildConfiguration;
			buildSettings = {
				INFOPLIST_FILE = PyzePersonalisationAppUITests/Info.plist;
				LD_RUNPATH_SEARCH_PATHS = "$(inherited) @executable_path/Frameworks @loader_path/Frameworks";
				PRODUCT_BUNDLE_IDENTIFIER = com.pyze.PyzePersonalisationAppUITests;
				PRODUCT_NAME = "$(TARGET_NAME)";
				TEST_TARGET_NAME = PyzePersonalisationApp;
			};
			name = Release;
		};
/* End XCBuildConfiguration section */

/* Begin XCConfigurationList section */
		5A0317B41E531D0900F3511A /* Build configuration list for PBXProject "PyzePersonalisationApp" */ = {
			isa = XCConfigurationList;
			buildConfigurations = (
				5A0317E41E531D0900F3511A /* Debug */,
				5A0317E51E531D0900F3511A /* Release */,
			);
			defaultConfigurationIsVisible = 0;
			defaultConfigurationName = Release;
		};
		5A0317E61E531D0900F3511A /* Build configuration list for PBXNativeTarget "PyzePersonalisationApp" */ = {
			isa = XCConfigurationList;
			buildConfigurations = (
				5A0317E71E531D0900F3511A /* Debug */,
				5A0317E81E531D0900F3511A /* Release */,
			);
			defaultConfigurationIsVisible = 0;
			defaultConfigurationName = Release;
		};
		5A0317E91E531D0900F3511A /* Build configuration list for PBXNativeTarget "PyzePersonalisationAppTests" */ = {
			isa = XCConfigurationList;
			buildConfigurations = (
				5A0317EA1E531D0900F3511A /* Debug */,
				5A0317EB1E531D0900F3511A /* Release */,
			);
			defaultConfigurationIsVisible = 0;
			defaultConfigurationName = Release;
		};
		5A0317EC1E531D0900F3511A /* Build configuration list for PBXNativeTarget "PyzePersonalisationAppUITests" */ = {
			isa = XCConfigurationList;
			buildConfigurations = (
				5A0317ED1E531D0900F3511A /* Debug */,
				5A0317EE1E531D0900F3511A /* Release */,
			);
			defaultConfigurationIsVisible = 0;
			defaultConfigurationName = Release;
		};
/* End XCConfigurationList section */
	};
	rootObject = 5A0317B11E531D0900F3511A /* Project object */;
}
